{
    "name": "easyqrcodejs-nodejs",
    "version": "4.4.3",
    "lockfileVersion": 1,
    "requires": true,
    "dependencies": {
        "@mapbox/node-pre-gyp": {
            "version": "1.0.5",
            "resolved": "https://registry.nlark.com/@mapbox/node-pre-gyp/download/@mapbox/node-pre-gyp-1.0.5.tgz",
            "integrity": "sha1-Kgsy/LQW+z8iUP0kyyqBQhpPWVA=",
            "requires": {
                "detect-libc": "^1.0.3",
                "https-proxy-agent": "^5.0.0",
                "make-dir": "^3.1.0",
                "node-fetch": "^2.6.1",
                "nopt": "^5.0.0",
                "npmlog": "^4.1.2",
                "rimraf": "^3.0.2",
                "semver": "^7.3.4",
                "tar": "^6.1.0"
            }
        },
        "@tootallnate/once": {
            "version": "2.0.0",
            "resolved": "https://registry.npmmirror.com/@tootallnate/once/download/@tootallnate/once-2.0.0.tgz?cache=0&sync_timestamp=1632734062895&other_urls=https%3A%2F%2Fregistry.npmmirror.com%2F%40tootallnate%2Fonce%2Fdownload%2F%40tootallnate%2Fonce-2.0.0.tgz",
            "integrity": "sha1-9UShSNOrNYAcH2M6dEH9h8LkhL8="
        },
        "@trysound/sax": {
            "version": "0.2.0",
            "resolved": "https://registry.nlark.com/@trysound/sax/download/@trysound/sax-0.2.0.tgz",
            "integrity": "sha1-zMqrdYr1Z2Hre/N69vA/Mm3XmK0="
        },
        "abab": {
            "version": "2.0.5",
            "resolved": "https://registry.npm.taobao.org/abab/download/abab-2.0.5.tgz?cache=0&sync_timestamp=1599850200902&other_urls=https%3A%2F%2Fregistry.npm.taobao.org%2Fabab%2Fdownload%2Fabab-2.0.5.tgz",
            "integrity": "sha1-wLZ4+zLWD8EhnHhNaoJv44Wut5o="
        },
        "abbrev": {
            "version": "1.1.1",
            "resolved": "https://registry.npm.taobao.org/abbrev/download/abbrev-1.1.1.tgz",
            "integrity": "sha1-+PLIh60Qv2f2NPAFtph/7TF5qsg="
        },
        "acorn": {
            "version": "8.7.0",
            "resolved": "https://registry.npmmirror.com/acorn/download/acorn-8.7.0.tgz",
            "integrity": "sha512-V/LGr1APy+PXIwKebEWrkZPwoeoF+w1jiOBUmuxuiUIaOHtob8Qc9BTrYo7VuI5fR8tqsy+buA2WFooR5olqvQ=="
        },
        "acorn-globals": {
            "version": "6.0.0",
            "resolved": "https://registry.npm.taobao.org/acorn-globals/download/acorn-globals-6.0.0.tgz",
            "integrity": "sha1-Rs3Tnw+P8IqHZhm1X1rIptx3C0U=",
            "requires": {
                "acorn": "^7.1.1",
                "acorn-walk": "^7.1.1"
            },
            "dependencies": {
                "acorn": {
                    "version": "7.4.1",
                    "resolved": "https://registry.npmmirror.com/acorn/download/acorn-7.4.1.tgz",
                    "integrity": "sha512-nQyp0o1/mNdbTO1PO6kHkwSrmgZ0MT/jCCpNiwbUjGoRN4dlBhqJtoQuCnEOKzgTVwg0ZWiCoQy6SxMebQVh8A=="
                }
            }
        },
        "acorn-walk": {
            "version": "7.2.0",
            "resolved": "https://registry.nlark.com/acorn-walk/download/acorn-walk-7.2.0.tgz?cache=0&sync_timestamp=1630916588767&other_urls=https%3A%2F%2Fregistry.nlark.com%2Facorn-walk%2Fdownload%2Facorn-walk-7.2.0.tgz",
            "integrity": "sha1-DeiJpgEgOQmw++B7iTjcIdLpZ7w="
        },
        "agent-base": {
            "version": "6.0.2",
            "resolved": "https://registry.npm.taobao.org/agent-base/download/agent-base-6.0.2.tgz?cache=0&sync_timestamp=1603479960600&other_urls=https%3A%2F%2Fregistry.npm.taobao.org%2Fagent-base%2Fdownload%2Fagent-base-6.0.2.tgz",
            "integrity": "sha1-Sf/1hXfP7j83F2/qtMIuAPhtf3c=",
            "requires": {
                "debug": "4"
            }
        },
        "ansi-regex": {
            "version": "2.1.1",
            "resolved": "https://registry.nlark.com/ansi-regex/download/ansi-regex-2.1.1.tgz",
            "integrity": "sha1-w7M6te42DYbg5ijwRorn7yfWVN8="
        },
        "aproba": {
            "version": "1.2.0",
            "resolved": "https://registry.npm.taobao.org/aproba/download/aproba-1.2.0.tgz",
            "integrity": "sha1-aALmJk79GMeQobDVF/DyYnvyyUo="
        },
        "are-we-there-yet": {
            "version": "1.1.5",
            "resolved": "https://registry.npm.taobao.org/are-we-there-yet/download/are-we-there-yet-1.1.5.tgz",
            "integrity": "sha1-SzXClE8GKov82mZBB2A1D+nd/CE=",
            "requires": {
                "delegates": "^1.0.0",
                "readable-stream": "^2.0.6"
            }
        },
        "asynckit": {
            "version": "0.4.0",
            "resolved": "https://registry.npm.taobao.org/asynckit/download/asynckit-0.4.0.tgz",
            "integrity": "sha1-x57Zf380y48robyXkLzDZkdLS3k="
        },
        "balanced-match": {
            "version": "1.0.2",
            "resolved": "https://registry.nlark.com/balanced-match/download/balanced-match-1.0.2.tgz",
            "integrity": "sha1-6D46fj8wCzTLnYf2FfoMvzV2kO4="
        },
        "boolbase": {
            "version": "1.0.0",
            "resolved": "https://registry.npm.taobao.org/boolbase/download/boolbase-1.0.0.tgz",
            "integrity": "sha1-aN/1++YMUes3cl6p4+0xDcwed24="
        },
        "brace-expansion": {
            "version": "1.1.11",
            "resolved": "https://registry.npm.taobao.org/brace-expansion/download/brace-expansion-1.1.11.tgz?cache=0&sync_timestamp=1614010713935&other_urls=https%3A%2F%2Fregistry.npm.taobao.org%2Fbrace-expansion%2Fdownload%2Fbrace-expansion-1.1.11.tgz",
            "integrity": "sha1-PH/L9SnYcibz0vUrlm/1Jx60Qd0=",
            "requires": {
                "balanced-match": "^1.0.0",
                "concat-map": "0.0.1"
            }
        },
        "browser-process-hrtime": {
            "version": "1.0.0",
            "resolved": "https://registry.npm.taobao.org/browser-process-hrtime/download/browser-process-hrtime-1.0.0.tgz",
            "integrity": "sha1-PJtLfXgsgSHlbxAQbYTA0P/JRiY="
        },
        "canvas": {
            "version": "2.8.0",
            "resolved": "https://registry.nlark.com/canvas/download/canvas-2.8.0.tgz?cache=0&sync_timestamp=1621240304296&other_urls=https%3A%2F%2Fregistry.nlark.com%2Fcanvas%2Fdownload%2Fcanvas-2.8.0.tgz",
            "integrity": "sha1-+Zyn8l5uJmhmYf+k/sEjm773RGE=",
            "requires": {
                "@mapbox/node-pre-gyp": "^1.0.0",
                "nan": "^2.14.0",
                "simple-get": "^3.0.3"
            }
        },
        "chownr": {
            "version": "2.0.0",
            "resolved": "https://registry.npm.taobao.org/chownr/download/chownr-2.0.0.tgz",
            "integrity": "sha1-Fb++U9LqtM9w8YqM1o6+Wzyx3s4="
        },
        "code-point-at": {
            "version": "1.1.0",
            "resolved": "https://registry.npm.taobao.org/code-point-at/download/code-point-at-1.1.0.tgz",
            "integrity": "sha1-DQcLTQQ6W+ozovGkDi7bPZpMz3c="
        },
        "combined-stream": {
            "version": "1.0.8",
            "resolved": "https://registry.npm.taobao.org/combined-stream/download/combined-stream-1.0.8.tgz",
            "integrity": "sha1-w9RaizT9cwYxoRCoolIGgrMdWn8=",
            "requires": {
                "delayed-stream": "~1.0.0"
            }
        },
        "commander": {
            "version": "7.2.0",
            "resolved": "https://registry.npmmirror.com/commander/download/commander-7.2.0.tgz",
            "integrity": "sha512-QrWXB+ZQSVPmIWIhtEO9H+gwHaMGYiF5ChvoJ+K9ZGHG/sVsa6yiesAD1GC/x46sET00Xlwo1u49RVVVzvcSkw=="
        },
        "concat-map": {
            "version": "0.0.1",
            "resolved": "https://registry.npm.taobao.org/concat-map/download/concat-map-0.0.1.tgz",
            "integrity": "sha1-2Klr13/Wjfd5OnMDajug1UBdR3s="
        },
        "console-control-strings": {
            "version": "1.1.0",
            "resolved": "https://registry.npm.taobao.org/console-control-strings/download/console-control-strings-1.1.0.tgz",
            "integrity": "sha1-PXz0Rk22RG6mRL9LOVB/mFEAjo4="
        },
        "core-util-is": {
            "version": "1.0.2",
            "resolved": "https://registry.npm.taobao.org/core-util-is/download/core-util-is-1.0.2.tgz",
            "integrity": "sha1-tf1UIgqivFq1eqtxQMlAdUUDwac="
        },
        "css-select": {
            "version": "4.2.1",
            "resolved": "https://registry.npmmirror.com/css-select/download/css-select-4.2.1.tgz",
            "integrity": "sha512-/aUslKhzkTNCQUB2qTX84lVmfia9NyjP3WpDGtj/WxhwBzWBYUV3DgUpurHTme8UTPcPlAD1DJ+b0nN/t50zDQ==",
            "requires": {
                "boolbase": "^1.0.0",
                "css-what": "^5.1.0",
                "domhandler": "^4.3.0",
                "domutils": "^2.8.0",
                "nth-check": "^2.0.1"
            }
        },
        "css-tree": {
            "version": "1.1.3",
            "resolved": "https://registry.npmmirror.com/css-tree/download/css-tree-1.1.3.tgz",
            "integrity": "sha1-60hw+2/XcHMn7JXC/yqwm16NuR0=",
            "requires": {
                "mdn-data": "2.0.14",
                "source-map": "^0.6.1"
            }
        },
        "css-what": {
            "version": "5.1.0",
            "resolved": "https://registry.npmmirror.com/css-what/download/css-what-5.1.0.tgz",
            "integrity": "sha1-P3tweq32M7r2LCzrhXm1RbtA9/4="
        },
        "csso": {
            "version": "4.2.0",
            "resolved": "https://registry.npmmirror.com/csso/download/csso-4.2.0.tgz",
            "integrity": "sha1-6jpWE0bo3J9UbW/r7dUBh884lSk=",
            "requires": {
                "css-tree": "^1.1.2"
            }
        },
        "cssom": {
            "version": "0.5.0",
            "resolved": "https://registry.nlark.com/cssom/download/cssom-0.5.0.tgz?cache=0&sync_timestamp=1624219220820&other_urls=https%3A%2F%2Fregistry.nlark.com%2Fcssom%2Fdownload%2Fcssom-0.5.0.tgz",
            "integrity": "sha1-0lT6ks2Lb72DgRufuu00ZjzBfDY="
        },
        "cssstyle": {
            "version": "2.3.0",
            "resolved": "https://registry.npm.taobao.org/cssstyle/download/cssstyle-2.3.0.tgz",
            "integrity": "sha1-/2ZaDdvcMYZLCWR/NBY0Q9kLCFI=",
            "requires": {
                "cssom": "~0.3.6"
            },
            "dependencies": {
                "cssom": {
                    "version": "0.3.8",
                    "resolved": "https://registry.nlark.com/cssom/download/cssom-0.3.8.tgz?cache=0&sync_timestamp=1624219220820&other_urls=https%3A%2F%2Fregistry.nlark.com%2Fcssom%2Fdownload%2Fcssom-0.3.8.tgz",
                    "integrity": "sha1-nxJ29bK0Y/IRTT8sdSUK+MGjb0o="
                }
            }
        },
        "data-urls": {
            "version": "3.0.1",
            "resolved": "https://registry.npmmirror.com/data-urls/download/data-urls-3.0.1.tgz",
            "integrity": "sha1-WX/CrjD4vE289zH80bGVQ1Ovxvg=",
            "requires": {
                "abab": "^2.0.3",
                "whatwg-mimetype": "^3.0.0",
                "whatwg-url": "^10.0.0"
            }
        },
        "debug": {
            "version": "4.3.2",
            "resolved": "https://registry.nlark.com/debug/download/debug-4.3.2.tgz?cache=0&other_urls=https%3A%2F%2Fregistry.nlark.com%2Fdebug%2Fdownload%2Fdebug-4.3.2.tgz",
            "integrity": "sha1-8KScGKyHeeMdSgxgKd+3aHPHQos=",
            "requires": {
                "ms": "2.1.2"
            }
        },
        "decimal.js": {
            "version": "10.3.1",
            "resolved": "https://registry.nlark.com/decimal.js/download/decimal.js-10.3.1.tgz",
            "integrity": "sha1-2MOkRKnGd0umDKatcmHDqU/V54M="
        },
        "decompress-response": {
            "version": "4.2.1",
            "resolved": "https://registry.npm.taobao.org/decompress-response/download/decompress-response-4.2.1.tgz",
            "integrity": "sha1-QUAjzHowLaJc4uyC0NUjjMr9iYY=",
            "requires": {
                "mimic-response": "^2.0.0"
            }
        },
        "deep-is": {
            "version": "0.1.4",
            "resolved": "https://registry.nlark.com/deep-is/download/deep-is-0.1.4.tgz?cache=0&sync_timestamp=1630774538962&other_urls=https%3A%2F%2Fregistry.nlark.com%2Fdeep-is%2Fdownload%2Fdeep-is-0.1.4.tgz",
            "integrity": "sha1-pvLc5hL63S7x9Rm3NVHxfoUZmDE="
        },
        "delayed-stream": {
            "version": "1.0.0",
            "resolved": "https://registry.npm.taobao.org/delayed-stream/download/delayed-stream-1.0.0.tgz",
            "integrity": "sha1-3zrhmayt+31ECqrgsp4icrJOxhk="
        },
        "delegates": {
            "version": "1.0.0",
            "resolved": "https://registry.npm.taobao.org/delegates/download/delegates-1.0.0.tgz",
            "integrity": "sha1-hMbhWbgZBP3KWaDvRM2HDTElD5o="
        },
        "detect-libc": {
            "version": "1.0.3",
            "resolved": "https://registry.npm.taobao.org/detect-libc/download/detect-libc-1.0.3.tgz",
            "integrity": "sha1-+hN8S9aY7fVc1c0CrFWfkaTEups="
        },
        "dom-serializer": {
            "version": "1.3.2",
            "resolved": "https://registry.nlark.com/dom-serializer/download/dom-serializer-1.3.2.tgz?cache=0&sync_timestamp=1621256819522&other_urls=https%3A%2F%2Fregistry.nlark.com%2Fdom-serializer%2Fdownload%2Fdom-serializer-1.3.2.tgz",
            "integrity": "sha1-YgZDfTLO767HFhgDIwx6ILwbTZE=",
            "requires": {
                "domelementtype": "^2.0.1",
                "domhandler": "^4.2.0",
                "entities": "^2.0.0"
            }
        },
        "domelementtype": {
            "version": "2.2.0",
            "resolved": "https://registry.nlark.com/domelementtype/download/domelementtype-2.2.0.tgz",
            "integrity": "sha1-mgtsJ4LtahxzI9QiZxg9+b2LHVc="
        },
        "domexception": {
            "version": "4.0.0",
            "resolved": "https://registry.npmmirror.com/domexception/download/domexception-4.0.0.tgz",
            "integrity": "sha1-StG+VsytyG/HbQMzU5magDfQNnM=",
            "requires": {
                "webidl-conversions": "^7.0.0"
            }
        },
        "domhandler": {
            "version": "4.3.0",
            "resolved": "https://registry.npmmirror.com/domhandler/download/domhandler-4.3.0.tgz",
            "integrity": "sha512-fC0aXNQXqKSFTr2wDNZDhsEYjCiYsDWl3D01kwt25hm1YIPyDGHvvi3rw+PLqHAl/m71MaiF7d5zvBr0p5UB2g==",
            "requires": {
                "domelementtype": "^2.2.0"
            }
        },
        "domutils": {
            "version": "2.8.0",
            "resolved": "https://registry.nlark.com/domutils/download/domutils-2.8.0.tgz?cache=0&sync_timestamp=1630106535879&other_urls=https%3A%2F%2Fregistry.nlark.com%2Fdomutils%2Fdownload%2Fdomutils-2.8.0.tgz",
            "integrity": "sha1-RDfe9dtuLR9dbuhZvZXKfQIEgTU=",
            "requires": {
                "dom-serializer": "^1.0.1",
                "domelementtype": "^2.2.0",
                "domhandler": "^4.2.0"
            }
        },
        "entities": {
            "version": "2.2.0",
            "resolved": "https://registry.nlark.com/entities/download/entities-2.2.0.tgz?cache=0&sync_timestamp=1628508126700&other_urls=https%3A%2F%2Fregistry.nlark.com%2Fentities%2Fdownload%2Fentities-2.2.0.tgz",
            "integrity": "sha1-CY3JDruD2N/6CJ1VJWs1HTTE2lU="
        },
        "escodegen": {
            "version": "2.0.0",
            "resolved": "https://registry.npm.taobao.org/escodegen/download/escodegen-2.0.0.tgz?cache=0&sync_timestamp=1596667949574&other_urls=https%3A%2F%2Fregistry.npm.taobao.org%2Fescodegen%2Fdownload%2Fescodegen-2.0.0.tgz",
            "integrity": "sha1-XjKxKDPoqo+jXhvwvvqJOASEx90=",
            "requires": {
                "esprima": "^4.0.1",
                "estraverse": "^5.2.0",
                "esutils": "^2.0.2",
                "optionator": "^0.8.1",
                "source-map": "~0.6.1"
            }
        },
        "esprima": {
            "version": "4.0.1",
            "resolved": "https://registry.npm.taobao.org/esprima/download/esprima-4.0.1.tgz",
            "integrity": "sha1-E7BM2z5sXRnfkatph6hpVhmwqnE="
        },
        "estraverse": {
            "version": "5.3.0",
            "resolved": "https://registry.npmmirror.com/estraverse/download/estraverse-5.3.0.tgz?cache=0&sync_timestamp=1635237716974&other_urls=https%3A%2F%2Fregistry.npmmirror.com%2Festraverse%2Fdownload%2Festraverse-5.3.0.tgz",
            "integrity": "sha1-LupSkHAvJquP5TcDcP+GyWXSESM="
        },
        "esutils": {
            "version": "2.0.3",
            "resolved": "https://registry.npm.taobao.org/esutils/download/esutils-2.0.3.tgz",
            "integrity": "sha1-dNLrTeC42hKTcRkQ1Qd1ubcQ72Q="
        },
        "fast-levenshtein": {
            "version": "2.0.6",
            "resolved": "https://registry.npm.taobao.org/fast-levenshtein/download/fast-levenshtein-2.0.6.tgz",
            "integrity": "sha1-PYpcZog6FqMMqGQ+hR8Zuqd5eRc="
        },
        "form-data": {
            "version": "4.0.0",
            "resolved": "https://registry.nlark.com/form-data/download/form-data-4.0.0.tgz",
            "integrity": "sha1-k5Gdrq82HuUpWEubMWZNwSyfpFI=",
            "requires": {
                "asynckit": "^0.4.0",
                "combined-stream": "^1.0.8",
                "mime-types": "^2.1.12"
            }
        },
        "fs-minipass": {
            "version": "2.1.0",
            "resolved": "https://registry.npm.taobao.org/fs-minipass/download/fs-minipass-2.1.0.tgz",
            "integrity": "sha1-f1A2/b8SxjwWkZDL5BmchSJx+fs=",
            "requires": {
                "minipass": "^3.0.0"
            }
        },
        "fs.realpath": {
            "version": "1.0.0",
            "resolved": "https://registry.npm.taobao.org/fs.realpath/download/fs.realpath-1.0.0.tgz",
            "integrity": "sha1-FQStJSMVjKpA20onh8sBQRmU6k8="
        },
        "gauge": {
            "version": "2.7.4",
            "resolved": "https://registry.npm.taobao.org/gauge/download/gauge-2.7.4.tgz",
            "integrity": "sha1-LANAXHU4w51+s3sxcCLjJfsBi/c=",
            "requires": {
                "aproba": "^1.0.3",
                "console-control-strings": "^1.0.0",
                "has-unicode": "^2.0.0",
                "object-assign": "^4.1.0",
                "signal-exit": "^3.0.0",
                "string-width": "^1.0.1",
                "strip-ansi": "^3.0.1",
                "wide-align": "^1.1.0"
            }
        },
        "glob": {
            "version": "7.1.7",
            "resolved": "https://registry.nlark.com/glob/download/glob-7.1.7.tgz?cache=0&sync_timestamp=1620337382269&other_urls=https%3A%2F%2Fregistry.nlark.com%2Fglob%2Fdownload%2Fglob-7.1.7.tgz",
            "integrity": "sha1-Oxk+kjPwHULQs/eClLvutBj5SpA=",
            "requires": {
                "fs.realpath": "^1.0.0",
                "inflight": "^1.0.4",
                "inherits": "2",
                "minimatch": "^3.0.4",
                "once": "^1.3.0",
                "path-is-absolute": "^1.0.0"
            }
        },
        "has-unicode": {
            "version": "2.0.1",
            "resolved": "https://registry.npm.taobao.org/has-unicode/download/has-unicode-2.0.1.tgz",
            "integrity": "sha1-4Ob+aijPUROIVeCG0Wkedx3iqLk="
        },
        "html-encoding-sniffer": {
            "version": "3.0.0",
            "resolved": "https://registry.nlark.com/html-encoding-sniffer/download/html-encoding-sniffer-3.0.0.tgz?cache=0&sync_timestamp=1632005107907&other_urls=https%3A%2F%2Fregistry.nlark.com%2Fhtml-encoding-sniffer%2Fdownload%2Fhtml-encoding-sniffer-3.0.0.tgz",
            "integrity": "sha1-LLGozw21JBR3blsqegTV3ZgVjek=",
            "requires": {
                "whatwg-encoding": "^2.0.0"
            }
        },
        "http-proxy-agent": {
            "version": "5.0.0",
            "resolved": "https://registry.npmmirror.com/http-proxy-agent/download/http-proxy-agent-5.0.0.tgz",
            "integrity": "sha1-USmAAgNSDUNPFCvHj/PBcIAPK0M=",
            "requires": {
                "@tootallnate/once": "2",
                "agent-base": "6",
                "debug": "4"
            }
        },
        "https-proxy-agent": {
            "version": "5.0.0",
            "resolved": "https://registry.npm.taobao.org/https-proxy-agent/download/https-proxy-agent-5.0.0.tgz?cache=0&sync_timestamp=1593795853572&other_urls=https%3A%2F%2Fregistry.npm.taobao.org%2Fhttps-proxy-agent%2Fdownload%2Fhttps-proxy-agent-5.0.0.tgz",
            "integrity": "sha1-4qkFQqu2inYuCghQ9sntrf2FBrI=",
            "requires": {
                "agent-base": "6",
                "debug": "4"
            }
        },
        "iconv-lite": {
            "version": "0.6.3",
            "resolved": "https://registry.nlark.com/iconv-lite/download/iconv-lite-0.6.3.tgz?cache=0&sync_timestamp=1621826271136&other_urls=https%3A%2F%2Fregistry.nlark.com%2Ficonv-lite%2Fdownload%2Ficonv-lite-0.6.3.tgz",
            "integrity": "sha1-pS+AvzjaGVLrXGgXkHGYcaGnJQE=",
            "requires": {
                "safer-buffer": ">= 2.1.2 < 3.0.0"
            }
        },
        "inflight": {
            "version": "1.0.6",
            "resolved": "https://registry.npm.taobao.org/inflight/download/inflight-1.0.6.tgz",
            "integrity": "sha1-Sb1jMdfQLQwJvJEKEHW6gWW1bfk=",
            "requires": {
                "once": "^1.3.0",
                "wrappy": "1"
            }
        },
        "inherits": {
            "version": "2.0.4",
            "resolved": "https://registry.npm.taobao.org/inherits/download/inherits-2.0.4.tgz?cache=0&sync_timestamp=1589682822213&other_urls=https%3A%2F%2Fregistry.npm.taobao.org%2Finherits%2Fdownload%2Finherits-2.0.4.tgz",
            "integrity": "sha1-D6LGT5MpF8NDOg3tVTY6rjdBa3w="
        },
        "is-fullwidth-code-point": {
            "version": "1.0.0",
            "resolved": "https://registry.nlark.com/is-fullwidth-code-point/download/is-fullwidth-code-point-1.0.0.tgz",
            "integrity": "sha1-754xOG8DGn8NZDr4L95QxFfvAMs=",
            "requires": {
                "number-is-nan": "^1.0.0"
            }
        },
        "is-potential-custom-element-name": {
            "version": "1.0.1",
            "resolved": "https://registry.nlark.com/is-potential-custom-element-name/download/is-potential-custom-element-name-1.0.1.tgz",
            "integrity": "sha1-Fx7W8Z46xVQ5Tt94yqBXhKRb67U="
        },
        "isarray": {
            "version": "1.0.0",
            "resolved": "https://registry.npm.taobao.org/isarray/download/isarray-1.0.0.tgz",
            "integrity": "sha1-u5NdSFgsuhaMBoNJV6VKPgcSTxE="
        },
        "jsdom": {
            "version": "19.0.0",
            "resolved": "https://registry.npmmirror.com/jsdom/download/jsdom-19.0.0.tgz",
            "integrity": "sha512-RYAyjCbxy/vri/CfnjUWJQQtZ3LKlLnDqj+9XLNnJPgEGeirZs3hllKR20re8LUZ6o1b1X4Jat+Qd26zmP41+A==",
            "requires": {
                "abab": "^2.0.5",
                "acorn": "^8.5.0",
                "acorn-globals": "^6.0.0",
                "cssom": "^0.5.0",
                "cssstyle": "^2.3.0",
                "data-urls": "^3.0.1",
                "decimal.js": "^10.3.1",
                "domexception": "^4.0.0",
                "escodegen": "^2.0.0",
                "form-data": "^4.0.0",
                "html-encoding-sniffer": "^3.0.0",
                "http-proxy-agent": "^5.0.0",
                "https-proxy-agent": "^5.0.0",
                "is-potential-custom-element-name": "^1.0.1",
                "nwsapi": "^2.2.0",
                "parse5": "6.0.1",
                "saxes": "^5.0.1",
                "symbol-tree": "^3.2.4",
                "tough-cookie": "^4.0.0",
                "w3c-hr-time": "^1.0.2",
                "w3c-xmlserializer": "^3.0.0",
                "webidl-conversions": "^7.0.0",
                "whatwg-encoding": "^2.0.0",
                "whatwg-mimetype": "^3.0.0",
                "whatwg-url": "^10.0.0",
                "ws": "^8.2.3",
                "xml-name-validator": "^4.0.0"
            }
        },
        "levn": {
            "version": "0.3.0",
            "resolved": "https://registry.npm.taobao.org/levn/download/levn-0.3.0.tgz",
            "integrity": "sha1-OwmSTt+fCDwEkP3UwLxEIeBHZO4=",
            "requires": {
                "prelude-ls": "~1.1.2",
                "type-check": "~0.3.2"
            }
        },
        "lru-cache": {
            "version": "6.0.0",
            "resolved": "https://registry.npm.taobao.org/lru-cache/download/lru-cache-6.0.0.tgz?cache=0&other_urls=https%3A%2F%2Fregistry.npm.taobao.org%2Flru-cache%2Fdownload%2Flru-cache-6.0.0.tgz",
            "integrity": "sha1-bW/mVw69lqr5D8rR2vo7JWbbOpQ=",
            "requires": {
                "yallist": "^4.0.0"
            }
        },
        "make-dir": {
            "version": "3.1.0",
            "resolved": "https://registry.npm.taobao.org/make-dir/download/make-dir-3.1.0.tgz",
            "integrity": "sha1-QV6WcEazp/HRhSd9hKpYIDcmoT8=",
            "requires": {
                "semver": "^6.0.0"
            },
            "dependencies": {
                "semver": {
                    "version": "6.3.0",
                    "resolved": "https://registry.npm.taobao.org/semver/download/semver-6.3.0.tgz?cache=0&sync_timestamp=1616463550093&other_urls=https%3A%2F%2Fregistry.npm.taobao.org%2Fsemver%2Fdownload%2Fsemver-6.3.0.tgz",
                    "integrity": "sha1-7gpkyK9ejO6mdoexM3YeG+y9HT0="
                }
            }
        },
        "mdn-data": {
            "version": "2.0.14",
            "resolved": "https://registry.npmmirror.com/mdn-data/download/mdn-data-2.0.14.tgz",
            "integrity": "sha1-cRP8QoGRfWPOKbQ0RvcB5owlulA="
        },
        "mime-db": {
            "version": "1.51.0",
            "resolved": "https://registry.npmmirror.com/mime-db/download/mime-db-1.51.0.tgz?cache=0&sync_timestamp=1636426024486&other_urls=https%3A%2F%2Fregistry.npmmirror.com%2Fmime-db%2Fdownload%2Fmime-db-1.51.0.tgz",
            "integrity": "sha512-5y8A56jg7XVQx2mbv1lu49NR4dokRnhZYTtL+KGfaa27uq4pSTXkwQkFJl4pkRMyNFz/EtYDSkiiEHx3F7UN6g=="
        },
        "mime-types": {
            "version": "2.1.34",
            "resolved": "https://registry.npmmirror.com/mime-types/download/mime-types-2.1.34.tgz?cache=0&sync_timestamp=1636432244120&other_urls=https%3A%2F%2Fregistry.npmmirror.com%2Fmime-types%2Fdownload%2Fmime-types-2.1.34.tgz",
            "integrity": "sha512-6cP692WwGIs9XXdOO4++N+7qjqv0rqxxVvJ3VHPh/Sc9mVZcQP+ZGhkKiTvWMQRr2tbHkJP/Yn7Y0npb3ZBs4A==",
            "requires": {
                "mime-db": "1.51.0"
            }
        },
        "mimic-response": {
            "version": "2.1.0",
            "resolved": "https://registry.npm.taobao.org/mimic-response/download/mimic-response-2.1.0.tgz?cache=0&sync_timestamp=1589481629775&other_urls=https%3A%2F%2Fregistry.npm.taobao.org%2Fmimic-response%2Fdownload%2Fmimic-response-2.1.0.tgz",
            "integrity": "sha1-0Tdj019hPQnsN+uzC6wEacDuj0M="
        },
        "minimatch": {
            "version": "3.0.4",
            "resolved": "https://registry.npm.taobao.org/minimatch/download/minimatch-3.0.4.tgz",
            "integrity": "sha1-UWbihkV/AzBgZL5Ul+jbsMPTIIM=",
            "requires": {
                "brace-expansion": "^1.1.7"
            }
        },
        "minipass": {
            "version": "3.1.3",
            "resolved": "https://registry.npm.taobao.org/minipass/download/minipass-3.1.3.tgz",
            "integrity": "sha1-fUL/HzljVILhX5zbUxhN7r1YFf0=",
            "requires": {
                "yallist": "^4.0.0"
            }
        },
        "minizlib": {
            "version": "2.1.2",
            "resolved": "https://registry.npm.taobao.org/minizlib/download/minizlib-2.1.2.tgz",
            "integrity": "sha1-6Q00Zrogm5MkUVCKEc49NjIUWTE=",
            "requires": {
                "minipass": "^3.0.0",
                "yallist": "^4.0.0"
            }
        },
        "mkdirp": {
            "version": "1.0.4",
            "resolved": "https://registry.npm.taobao.org/mkdirp/download/mkdirp-1.0.4.tgz",
            "integrity": "sha1-PrXtYmInVteaXw4qIh3+utdcL34="
        },
        "ms": {
            "version": "2.1.2",
            "resolved": "https://registry.npm.taobao.org/ms/download/ms-2.1.2.tgz?cache=0&sync_timestamp=1607433912031&other_urls=https%3A%2F%2Fregistry.npm.taobao.org%2Fms%2Fdownload%2Fms-2.1.2.tgz",
            "integrity": "sha1-0J0fNXtEP0kzgqjrPM0YOHKuYAk="
        },
        "nan": {
            "version": "2.14.2",
            "resolved": "https://registry.npm.taobao.org/nan/download/nan-2.14.2.tgz?cache=0&sync_timestamp=1602591646310&other_urls=https%3A%2F%2Fregistry.npm.taobao.org%2Fnan%2Fdownload%2Fnan-2.14.2.tgz",
            "integrity": "sha1-9TdkAGlRaPTMaUrJOT0MlYXu6hk="
        },
        "node-fetch": {
            "version": "2.6.1",
            "resolved": "https://registry.nlark.com/node-fetch/download/node-fetch-2.6.1.tgz?cache=0&sync_timestamp=1626684791824&other_urls=https%3A%2F%2Fregistry.nlark.com%2Fnode-fetch%2Fdownload%2Fnode-fetch-2.6.1.tgz",
            "integrity": "sha1-BFvTI2Mfdu0uK1VXM5RBa2OaAFI="
        },
        "nopt": {
            "version": "5.0.0",
            "resolved": "https://registry.npm.taobao.org/nopt/download/nopt-5.0.0.tgz?cache=0&sync_timestamp=1597649993026&other_urls=https%3A%2F%2Fregistry.npm.taobao.org%2Fnopt%2Fdownload%2Fnopt-5.0.0.tgz",
            "integrity": "sha1-UwlCu1ilEvzK/lP+IQ8TolNV3Ig=",
            "requires": {
                "abbrev": "1"
            }
        },
        "npmlog": {
            "version": "4.1.2",
            "resolved": "https://registry.nlark.com/npmlog/download/npmlog-4.1.2.tgz",
            "integrity": "sha1-CKfyqL9zRgR3mp76StXMcXq7lUs=",
            "requires": {
                "are-we-there-yet": "~1.1.2",
                "console-control-strings": "~1.1.0",
                "gauge": "~2.7.3",
                "set-blocking": "~2.0.0"
            }
        },
        "nth-check": {
            "version": "2.0.1",
            "resolved": "https://registry.nlark.com/nth-check/download/nth-check-2.0.1.tgz",
            "integrity": "sha1-Lv4WL1w9oGoolZ+9PbddvuqfD8I=",
            "requires": {
                "boolbase": "^1.0.0"
            }
        },
        "number-is-nan": {
            "version": "1.0.1",
            "resolved": "https://registry.nlark.com/number-is-nan/download/number-is-nan-1.0.1.tgz",
            "integrity": "sha1-CXtgK1NCKlIsGvuHkDGDNpQaAR0="
        },
        "nwsapi": {
            "version": "2.2.0",
            "resolved": "https://registry.npm.taobao.org/nwsapi/download/nwsapi-2.2.0.tgz",
            "integrity": "sha1-IEh5qePQaP8qVROcLHcngGgaOLc="
        },
        "object-assign": {
            "version": "4.1.1",
            "resolved": "https://registry.npm.taobao.org/object-assign/download/object-assign-4.1.1.tgz",
            "integrity": "sha1-IQmtx5ZYh8/AXLvUQsrIv7s2CGM="
        },
        "once": {
            "version": "1.4.0",
            "resolved": "https://registry.npm.taobao.org/once/download/once-1.4.0.tgz",
            "integrity": "sha1-WDsap3WWHUsROsF9nFC6753Xa9E=",
            "requires": {
                "wrappy": "1"
            }
        },
        "optionator": {
            "version": "0.8.3",
            "resolved": "https://registry.npm.taobao.org/optionator/download/optionator-0.8.3.tgz",
            "integrity": "sha1-hPodA2/p08fiHZmIS2ARZ+yPtJU=",
            "requires": {
                "deep-is": "~0.1.3",
                "fast-levenshtein": "~2.0.6",
                "levn": "~0.3.0",
                "prelude-ls": "~1.1.2",
                "type-check": "~0.3.2",
                "word-wrap": "~1.2.3"
            }
        },
        "parse5": {
            "version": "6.0.1",
            "resolved": "https://registry.npm.taobao.org/parse5/download/parse5-6.0.1.tgz?cache=0&sync_timestamp=1595850974091&other_urls=https%3A%2F%2Fregistry.npm.taobao.org%2Fparse5%2Fdownload%2Fparse5-6.0.1.tgz",
            "integrity": "sha1-4aHAhcVps9wIMhGE8Zo5zCf3wws="
        },
        "path-is-absolute": {
            "version": "1.0.1",
            "resolved": "https://registry.npm.taobao.org/path-is-absolute/download/path-is-absolute-1.0.1.tgz",
            "integrity": "sha1-F0uSaHNVNP+8es5r9TpanhtcX18="
        },
        "picocolors": {
            "version": "1.0.0",
            "resolved": "https://registry.npmmirror.com/picocolors/download/picocolors-1.0.0.tgz?cache=0&sync_timestamp=1634093339035&other_urls=https%3A%2F%2Fregistry.npmmirror.com%2Fpicocolors%2Fdownload%2Fpicocolors-1.0.0.tgz",
            "integrity": "sha1-y1vcdP8/UYkiNur3nWi8RFZKuBw="
        },
        "prelude-ls": {
            "version": "1.1.2",
            "resolved": "https://registry.npm.taobao.org/prelude-ls/download/prelude-ls-1.1.2.tgz",
            "integrity": "sha1-IZMqVJ9eUv/ZqCf1cOBL5iqX2lQ="
        },
        "process-nextick-args": {
            "version": "2.0.1",
            "resolved": "https://registry.npm.taobao.org/process-nextick-args/download/process-nextick-args-2.0.1.tgz",
            "integrity": "sha1-eCDZsWEgzFXKmud5JoCufbptf+I="
        },
        "psl": {
            "version": "1.8.0",
            "resolved": "https://registry.npm.taobao.org/psl/download/psl-1.8.0.tgz",
            "integrity": "sha1-kyb4vPsBOtzABf3/BWrM4CDlHCQ="
        },
        "punycode": {
            "version": "2.1.1",
            "resolved": "https://registry.npm.taobao.org/punycode/download/punycode-2.1.1.tgz",
            "integrity": "sha1-tYsBCsQMIsVldhbI0sLALHv0eew="
        },
        "readable-stream": {
            "version": "2.3.7",
            "resolved": "https://registry.npm.taobao.org/readable-stream/download/readable-stream-2.3.7.tgz",
            "integrity": "sha1-Hsoc9xGu+BTAT2IlKjamL2yyO1c=",
            "requires": {
                "core-util-is": "~1.0.0",
                "inherits": "~2.0.3",
                "isarray": "~1.0.0",
                "process-nextick-args": "~2.0.0",
                "safe-buffer": "~5.1.1",
                "string_decoder": "~1.1.1",
                "util-deprecate": "~1.0.1"
            }
        },
        "rimraf": {
            "version": "3.0.2",
            "resolved": "https://registry.npm.taobao.org/rimraf/download/rimraf-3.0.2.tgz?cache=0&sync_timestamp=1587992602190&other_urls=https%3A%2F%2Fregistry.npm.taobao.org%2Frimraf%2Fdownload%2Frimraf-3.0.2.tgz",
            "integrity": "sha1-8aVAK6YiCtUswSgrrBrjqkn9Bho=",
            "requires": {
                "glob": "^7.1.3"
            }
        },
        "safe-buffer": {
            "version": "5.1.2",
            "resolved": "https://registry.npm.taobao.org/safe-buffer/download/safe-buffer-5.1.2.tgz",
            "integrity": "sha1-mR7GnSluAxN0fVm9/St0XDX4go0="
        },
        "safer-buffer": {
            "version": "2.1.2",
            "resolved": "https://registry.npm.taobao.org/safer-buffer/download/safer-buffer-2.1.2.tgz",
            "integrity": "sha1-RPoWGwGHuVSd2Eu5GAL5vYOFzWo="
        },
        "saxes": {
            "version": "5.0.1",
            "resolved": "https://registry.npmmirror.com/saxes/download/saxes-5.0.1.tgz?cache=0&sync_timestamp=1636312060591&other_urls=https%3A%2F%2Fregistry.npmmirror.com%2Fsaxes%2Fdownload%2Fsaxes-5.0.1.tgz",
            "integrity": "sha1-7rq5U/o7dgjb6U5drbFciI+maW0=",
            "requires": {
                "xmlchars": "^2.2.0"
            }
        },
        "semver": {
            "version": "7.3.5",
            "resolved": "https://registry.npm.taobao.org/semver/download/semver-7.3.5.tgz?cache=0&sync_timestamp=1616463550093&other_urls=https%3A%2F%2Fregistry.npm.taobao.org%2Fsemver%2Fdownload%2Fsemver-7.3.5.tgz",
            "integrity": "sha1-C2Ich5NI2JmOSw5L6Us/EuYBjvc=",
            "requires": {
                "lru-cache": "^6.0.0"
            }
        },
        "set-blocking": {
            "version": "2.0.0",
            "resolved": "https://registry.npm.taobao.org/set-blocking/download/set-blocking-2.0.0.tgz",
            "integrity": "sha1-BF+XgtARrppoA93TgrJDkrPYkPc="
        },
        "signal-exit": {
            "version": "3.0.3",
            "resolved": "https://registry.npm.taobao.org/signal-exit/download/signal-exit-3.0.3.tgz?cache=0&sync_timestamp=1589682814780&other_urls=https%3A%2F%2Fregistry.npm.taobao.org%2Fsignal-exit%2Fdownload%2Fsignal-exit-3.0.3.tgz",
            "integrity": "sha1-oUEMLt2PB3sItOJTyOrPyvBXRhw="
        },
        "simple-concat": {
            "version": "1.0.1",
            "resolved": "https://registry.npm.taobao.org/simple-concat/download/simple-concat-1.0.1.tgz",
            "integrity": "sha1-9Gl2CCujXCJj8cirXt/ibEHJVS8="
        },
        "simple-get": {
            "version": "3.1.0",
            "resolved": "https://registry.npm.taobao.org/simple-get/download/simple-get-3.1.0.tgz",
            "integrity": "sha1-tFvgYkNeUNFZVAtXYgLO7EC5xrM=",
            "requires": {
                "decompress-response": "^4.2.0",
                "once": "^1.3.1",
                "simple-concat": "^1.0.0"
            }
        },
        "source-map": {
            "version": "0.6.1",
            "resolved": "https://registry.npm.taobao.org/source-map/download/source-map-0.6.1.tgz?cache=0&sync_timestamp=1589682764497&other_urls=https%3A%2F%2Fregistry.npm.taobao.org%2Fsource-map%2Fdownload%2Fsource-map-0.6.1.tgz",
            "integrity": "sha1-dHIq8y6WFOnCh6jQu95IteLxomM="
        },
        "stable": {
            "version": "0.1.8",
            "resolved": "https://registry.npmmirror.com/stable/download/stable-0.1.8.tgz",
            "integrity": "sha1-g26zyDgv4pNv6vVEYxAXzn1Ho88="
        },
        "string-width": {
            "version": "1.0.2",
            "resolved": "https://registry.nlark.com/string-width/download/string-width-1.0.2.tgz",
            "integrity": "sha1-EYvfW4zcUaKn5w0hHgfisLmxB9M=",
            "requires": {
                "code-point-at": "^1.0.0",
                "is-fullwidth-code-point": "^1.0.0",
                "strip-ansi": "^3.0.0"
            }
        },
        "string_decoder": {
            "version": "1.1.1",
            "resolved": "https://registry.npm.taobao.org/string_decoder/download/string_decoder-1.1.1.tgz",
            "integrity": "sha1-nPFhG6YmhdcDCunkujQUnDrwP8g=",
            "requires": {
                "safe-buffer": "~5.1.0"
            }
        },
        "strip-ansi": {
            "version": "3.0.1",
            "resolved": "https://registry.npm.taobao.org/strip-ansi/download/strip-ansi-3.0.1.tgz?cache=0&sync_timestamp=1618553320591&other_urls=https%3A%2F%2Fregistry.npm.taobao.org%2Fstrip-ansi%2Fdownload%2Fstrip-ansi-3.0.1.tgz",
            "integrity": "sha1-ajhfuIU9lS1f8F0Oiq+UJ43GPc8=",
            "requires": {
                "ansi-regex": "^2.0.0"
            }
        },
        "svgo": {
            "version": "2.8.0",
            "resolved": "https://registry.npmmirror.com/svgo/download/svgo-2.8.0.tgz",
            "integrity": "sha512-+N/Q9kV1+F+UeWYoSiULYo4xYSDQlTgb+ayMobAXPwMnLvop7oxKMo9OzIrX5x3eS4L4f2UHhc9axXwY8DpChg==",
            "requires": {
                "@trysound/sax": "0.2.0",
                "commander": "^7.2.0",
                "css-select": "^4.1.3",
                "css-tree": "^1.1.3",
                "csso": "^4.2.0",
                "picocolors": "^1.0.0",
                "stable": "^0.1.8"
            }
        },
        "symbol-tree": {
            "version": "3.2.4",
            "resolved": "https://registry.npm.taobao.org/symbol-tree/download/symbol-tree-3.2.4.tgz",
            "integrity": "sha1-QwY30ki6d+B4iDlR+5qg7tfGP6I="
        },
        "tar": {
            "version": "6.1.0",
            "resolved": "https://registry.npm.taobao.org/tar/download/tar-6.1.0.tgz?cache=0&sync_timestamp=1610045923587&other_urls=https%3A%2F%2Fregistry.npm.taobao.org%2Ftar%2Fdownload%2Ftar-6.1.0.tgz",
            "integrity": "sha1-0XJOm8wEuXexjVxXOzM6IgcimoM=",
            "requires": {
                "chownr": "^2.0.0",
                "fs-minipass": "^2.0.0",
                "minipass": "^3.0.0",
                "minizlib": "^2.1.1",
                "mkdirp": "^1.0.3",
                "yallist": "^4.0.0"
            }
        },
        "tough-cookie": {
            "version": "4.0.0",
            "resolved": "https://registry.npm.taobao.org/tough-cookie/download/tough-cookie-4.0.0.tgz",
            "integrity": "sha1-2CIjTuyogvmR8PkIgkrSYi3b7OQ=",
            "requires": {
                "psl": "^1.1.33",
                "punycode": "^2.1.1",
                "universalify": "^0.1.2"
            }
        },
        "tr46": {
            "version": "3.0.0",
            "resolved": "https://registry.npmmirror.com/tr46/download/tr46-3.0.0.tgz?cache=0&sync_timestamp=1633302360065&other_urls=https%3A%2F%2Fregistry.npmmirror.com%2Ftr46%2Fdownload%2Ftr46-3.0.0.tgz",
            "integrity": "sha1-VVxOKXqVBhfo7t3vYzyH1NnWy/k=",
            "requires": {
                "punycode": "^2.1.1"
            }
        },
        "type-check": {
            "version": "0.3.2",
            "resolved": "https://registry.npm.taobao.org/type-check/download/type-check-0.3.2.tgz",
            "integrity": "sha1-WITKtRLPHTVeP7eE8wgEsrUg23I=",
            "requires": {
                "prelude-ls": "~1.1.2"
            }
        },
        "universalify": {
            "version": "0.1.2",
            "resolved": "https://registry.npm.taobao.org/universalify/download/universalify-0.1.2.tgz",
            "integrity": "sha1-tkb2m+OULavOzJ1mOcgNwQXvqmY="
        },
        "util-deprecate": {
            "version": "1.0.2",
            "resolved": "https://registry.npm.taobao.org/util-deprecate/download/util-deprecate-1.0.2.tgz",
            "integrity": "sha1-RQ1Nyfpw3nMnYvvS1KKJgUGaDM8="
        },
        "w3c-hr-time": {
            "version": "1.0.2",
            "resolved": "https://registry.npm.taobao.org/w3c-hr-time/download/w3c-hr-time-1.0.2.tgz",
            "integrity": "sha1-ConN9cwVgi35w2BUNnaWPgzDCM0=",
            "requires": {
                "browser-process-hrtime": "^1.0.0"
            }
        },
        "w3c-xmlserializer": {
            "version": "3.0.0",
            "resolved": "https://registry.npmmirror.com/w3c-xmlserializer/download/w3c-xmlserializer-3.0.0.tgz",
            "integrity": "sha1-Bs3D7vt+TQsgpWClo66w0tmmWSM=",
            "requires": {
                "xml-name-validator": "^4.0.0"
            }
        },
        "webidl-conversions": {
            "version": "7.0.0",
            "resolved": "https://registry.nlark.com/webidl-conversions/download/webidl-conversions-7.0.0.tgz",
            "integrity": "sha1-JWtOGIK+feu/AdBfCqIDl3jqCAo="
        },
        "whatwg-encoding": {
            "version": "2.0.0",
            "resolved": "https://registry.nlark.com/whatwg-encoding/download/whatwg-encoding-2.0.0.tgz",
            "integrity": "sha1-52NfWX/YcCCFhiaAWicp+naYrFM=",
            "requires": {
                "iconv-lite": "0.6.3"
            }
        },
        "whatwg-mimetype": {
            "version": "3.0.0",
            "resolved": "https://registry.nlark.com/whatwg-mimetype/download/whatwg-mimetype-3.0.0.tgz?cache=0&sync_timestamp=1631993408310&other_urls=https%3A%2F%2Fregistry.nlark.com%2Fwhatwg-mimetype%2Fdownload%2Fwhatwg-mimetype-3.0.0.tgz",
            "integrity": "sha1-X6GnYjhn/xr2yj3HKta4pCCL66c="
        },
        "whatwg-url": {
            "version": "10.0.0",
            "resolved": "https://registry.npmmirror.com/whatwg-url/download/whatwg-url-10.0.0.tgz",
            "integrity": "sha1-NyZPcgtXW0oxG9QJTtjHYMqqBdo=",
            "requires": {
                "tr46": "^3.0.0",
                "webidl-conversions": "^7.0.0"
            }
        },
        "wide-align": {
            "version": "1.1.3",
            "resolved": "https://registry.npm.taobao.org/wide-align/download/wide-align-1.1.3.tgz",
            "integrity": "sha1-rgdOa9wMFKQx6ATmJFScYzsABFc=",
            "requires": {
                "string-width": "^1.0.2 || 2"
            }
        },
        "word-wrap": {
            "version": "1.2.3",
            "resolved": "https://registry.npm.taobao.org/word-wrap/download/word-wrap-1.2.3.tgz",
            "integrity": "sha1-YQY29rH3A4kb00dxzLF/uTtHB5w="
        },
        "wrappy": {
            "version": "1.0.2",
            "resolved": "https://registry.nlark.com/wrappy/download/wrappy-1.0.2.tgz?cache=0&sync_timestamp=1619133505879&other_urls=https%3A%2F%2Fregistry.nlark.com%2Fwrappy%2Fdownload%2Fwrappy-1.0.2.tgz",
            "integrity": "sha1-tSQ9jz7BqjXxNkYFvA0QNuMKtp8="
        },
        "ws": {
            "version": "8.4.0",
            "resolved": "https://registry.npmmirror.com/ws/download/ws-8.4.0.tgz",
            "integrity": "sha512-IHVsKe2pjajSUIl4KYMQOdlyliovpEPquKkqbwswulszzI7r0SfQrxnXdWAEqOlDCLrVSJzo+O1hAwdog2sKSQ=="
        },
        "xml-name-validator": {
            "version": "4.0.0",
            "resolved": "https://registry.nlark.com/xml-name-validator/download/xml-name-validator-4.0.0.tgz",
            "integrity": "sha1-eaAG4uYxSahgDxVDDwpHJdFSSDU="
        },
        "xmlchars": {
            "version": "2.2.0",
            "resolved": "https://registry.npm.taobao.org/xmlchars/download/xmlchars-2.2.0.tgz",
            "integrity": "sha1-Bg/hvLf5x2/ioX24apvDq4lCEMs="
        },
        "yallist": {
            "version": "4.0.0",
            "resolved": "https://registry.npm.taobao.org/yallist/download/yallist-4.0.0.tgz",
            "integrity": "sha1-m7knkNnA7/7GO+c1GeEaNQGaOnI="
        }
    }
}
