{
	"name": "easyqrcodejs-nodejs",
	"version": "4.0.0",
	"lockfileVersion": 1,
	"requires": true,
	"dependencies": {
		"abab": {
			"version": "2.0.5",
			"resolved": "https://registry.npm.taobao.org/abab/download/abab-2.0.5.tgz?cache=0&sync_timestamp=1599850200902&other_urls=https%3A%2F%2Fregistry.npm.taobao.org%2Fabab%2Fdownload%2Fabab-2.0.5.tgz",
			"integrity": "sha1-wLZ4+zLWD8EhnHhNaoJv44Wut5o="
		},
		"abbrev": {
			"version": "1.1.1",
			"resolved": "https://registry.npmjs.org/abbrev/-/abbrev-1.1.1.tgz",
			"integrity": "sha512-nne9/IiQ/hzIhY6pdDnbBtz7DjPTKrY00P/zvPSm5pOFkl6xuGrGnXn/VtTNNfNtAfZ9/1RtehkszU9qcTii0Q=="
		},
		"acorn": {
			"version": "7.4.1",
			"resolved": "https://registry.npm.taobao.org/acorn/download/acorn-7.4.1.tgz?cache=0&sync_timestamp=1601885832302&other_urls=https%3A%2F%2Fregistry.npm.taobao.org%2Facorn%2Fdownload%2Facorn-7.4.1.tgz",
			"integrity": "sha1-/q7SVZc9LndVW4PbwIhRpsY1IPo="
		},
		"acorn-globals": {
			"version": "6.0.0",
			"resolved": "https://registry.npm.taobao.org/acorn-globals/download/acorn-globals-6.0.0.tgz",
			"integrity": "sha1-Rs3Tnw+P8IqHZhm1X1rIptx3C0U=",
			"requires": {
				"acorn": "^7.1.1",
				"acorn-walk": "^7.1.1"
			}
		},
		"acorn-walk": {
			"version": "7.2.0",
			"resolved": "https://registry.npm.taobao.org/acorn-walk/download/acorn-walk-7.2.0.tgz?cache=0&sync_timestamp=1597235826369&other_urls=https%3A%2F%2Fregistry.npm.taobao.org%2Facorn-walk%2Fdownload%2Facorn-walk-7.2.0.tgz",
			"integrity": "sha1-DeiJpgEgOQmw++B7iTjcIdLpZ7w="
		},
		"ajv": {
			"version": "6.12.5",
			"resolved": "https://registry.npm.taobao.org/ajv/download/ajv-6.12.5.tgz?cache=0&sync_timestamp=1600887328129&other_urls=https%3A%2F%2Fregistry.npm.taobao.org%2Fajv%2Fdownload%2Fajv-6.12.5.tgz",
			"integrity": "sha1-GbDouuj0duW6ZmMAOHd1+xoApNo=",
			"requires": {
				"fast-deep-equal": "^3.1.1",
				"fast-json-stable-stringify": "^2.0.0",
				"json-schema-traverse": "^0.4.1",
				"uri-js": "^4.2.2"
			}
		},
		"ansi-regex": {
			"version": "2.1.1",
			"resolved": "https://registry.npmjs.org/ansi-regex/-/ansi-regex-2.1.1.tgz",
			"integrity": "sha1-w7M6te42DYbg5ijwRorn7yfWVN8="
		},
		"aproba": {
			"version": "1.2.0",
			"resolved": "https://registry.npmjs.org/aproba/-/aproba-1.2.0.tgz",
			"integrity": "sha512-Y9J6ZjXtoYh8RnXVCMOU/ttDmk1aBjunq9vO0ta5x85WDQiQfUF9sIPBITdbiiIVcBo03Hi3jMxigBtsddlXRw=="
		},
		"are-we-there-yet": {
			"version": "1.1.5",
			"resolved": "https://registry.npmjs.org/are-we-there-yet/-/are-we-there-yet-1.1.5.tgz",
			"integrity": "sha512-5hYdAkZlcG8tOLujVDTgCT+uPX0VnpAH28gWsLfzpXYm7wP6mp5Q/gYyR7YQ0cKVJcXJnl3j2kpBan13PtQf6w==",
			"requires": {
				"delegates": "^1.0.0",
				"readable-stream": "^2.0.6"
			}
		},
		"asn1": {
			"version": "0.2.4",
			"resolved": "https://registry.npm.taobao.org/asn1/download/asn1-0.2.4.tgz",
			"integrity": "sha1-jSR136tVO7M+d7VOWeiAu4ziMTY=",
			"requires": {
				"safer-buffer": "~2.1.0"
			}
		},
		"assert-plus": {
			"version": "1.0.0",
			"resolved": "https://registry.npm.taobao.org/assert-plus/download/assert-plus-1.0.0.tgz",
			"integrity": "sha1-8S4PPF13sLHN2RRpQuTpbB5N1SU="
		},
		"asynckit": {
			"version": "0.4.0",
			"resolved": "https://registry.npm.taobao.org/asynckit/download/asynckit-0.4.0.tgz",
			"integrity": "sha1-x57Zf380y48robyXkLzDZkdLS3k="
		},
		"aws-sign2": {
			"version": "0.7.0",
			"resolved": "https://registry.npm.taobao.org/aws-sign2/download/aws-sign2-0.7.0.tgz",
			"integrity": "sha1-tG6JCTSpWR8tL2+G1+ap8bP+dqg="
		},
		"aws4": {
			"version": "1.10.1",
			"resolved": "https://registry.npm.taobao.org/aws4/download/aws4-1.10.1.tgz?cache=0&sync_timestamp=1597236947743&other_urls=https%3A%2F%2Fregistry.npm.taobao.org%2Faws4%2Fdownload%2Faws4-1.10.1.tgz",
			"integrity": "sha1-4eguTz6Zniz9YbFhKA0WoRH4ZCg="
		},
		"balanced-match": {
			"version": "1.0.0",
			"resolved": "https://registry.npmjs.org/balanced-match/-/balanced-match-1.0.0.tgz",
			"integrity": "sha1-ibTRmasr7kneFk6gK4nORi1xt2c="
		},
		"bcrypt-pbkdf": {
			"version": "1.0.2",
			"resolved": "https://registry.npm.taobao.org/bcrypt-pbkdf/download/bcrypt-pbkdf-1.0.2.tgz",
			"integrity": "sha1-pDAdOJtqQ/m2f/PKEaP2Y342Dp4=",
			"requires": {
				"tweetnacl": "^0.14.3"
			}
		},
		"brace-expansion": {
			"version": "1.1.11",
			"resolved": "https://registry.npmjs.org/brace-expansion/-/brace-expansion-1.1.11.tgz",
			"integrity": "sha512-iCuPHDFgrHX7H2vEI/5xpz07zSHB00TpugqhmYtVmMO6518mCuRMoOYFldEBl0g187ufozdaHgWKcYFb61qGiA==",
			"requires": {
				"balanced-match": "^1.0.0",
				"concat-map": "0.0.1"
			}
		},
		"browser-process-hrtime": {
			"version": "1.0.0",
			"resolved": "https://registry.npm.taobao.org/browser-process-hrtime/download/browser-process-hrtime-1.0.0.tgz",
			"integrity": "sha1-PJtLfXgsgSHlbxAQbYTA0P/JRiY="
		},
		"canvas": {
			"version": "2.6.0",
			"resolved": "https://registry.npmjs.org/canvas/-/canvas-2.6.0.tgz",
			"integrity": "sha512-bEO9f1ThmbknLPxCa8Es7obPlN9W3stB1bo7njlhOFKIdUTldeTqXCh9YclCPAi2pSQs84XA0jq/QEZXSzgyMw==",
			"requires": {
				"nan": "^2.14.0",
				"node-pre-gyp": "^0.11.0",
				"simple-get": "^3.0.3"
			}
		},
		"caseless": {
			"version": "0.12.0",
			"resolved": "https://registry.npm.taobao.org/caseless/download/caseless-0.12.0.tgz",
			"integrity": "sha1-G2gcIf+EAzyCZUMJBolCDRhxUdw="
		},
		"chownr": {
			"version": "1.1.2",
			"resolved": "https://registry.npmjs.org/chownr/-/chownr-1.1.2.tgz",
			"integrity": "sha512-GkfeAQh+QNy3wquu9oIZr6SS5x7wGdSgNQvD10X3r+AZr1Oys22HW8kAmDMvNg2+Dm0TeGaEuO8gFwdBXxwO8A=="
		},
		"code-point-at": {
			"version": "1.1.0",
			"resolved": "https://registry.npmjs.org/code-point-at/-/code-point-at-1.1.0.tgz",
			"integrity": "sha1-DQcLTQQ6W+ozovGkDi7bPZpMz3c="
		},
		"combined-stream": {
			"version": "1.0.8",
			"resolved": "https://registry.npm.taobao.org/combined-stream/download/combined-stream-1.0.8.tgz",
			"integrity": "sha1-w9RaizT9cwYxoRCoolIGgrMdWn8=",
			"requires": {
				"delayed-stream": "~1.0.0"
			}
		},
		"concat-map": {
			"version": "0.0.1",
			"resolved": "https://registry.npmjs.org/concat-map/-/concat-map-0.0.1.tgz",
			"integrity": "sha1-2Klr13/Wjfd5OnMDajug1UBdR3s="
		},
		"console-control-strings": {
			"version": "1.1.0",
			"resolved": "https://registry.npmjs.org/console-control-strings/-/console-control-strings-1.1.0.tgz",
			"integrity": "sha1-PXz0Rk22RG6mRL9LOVB/mFEAjo4="
		},
		"core-util-is": {
			"version": "1.0.2",
			"resolved": "https://registry.npmjs.org/core-util-is/-/core-util-is-1.0.2.tgz",
			"integrity": "sha1-tf1UIgqivFq1eqtxQMlAdUUDwac="
		},
		"cssom": {
			"version": "0.4.4",
			"resolved": "https://registry.npm.taobao.org/cssom/download/cssom-0.4.4.tgz",
			"integrity": "sha1-WmbPk9LQtmHYC/akT7ZfXC5OChA="
		},
		"cssstyle": {
			"version": "2.3.0",
			"resolved": "https://registry.npm.taobao.org/cssstyle/download/cssstyle-2.3.0.tgz",
			"integrity": "sha1-/2ZaDdvcMYZLCWR/NBY0Q9kLCFI=",
			"requires": {
				"cssom": "~0.3.6"
			},
			"dependencies": {
				"cssom": {
					"version": "0.3.8",
					"resolved": "https://registry.npm.taobao.org/cssom/download/cssom-0.3.8.tgz",
					"integrity": "sha1-nxJ29bK0Y/IRTT8sdSUK+MGjb0o="
				}
			}
		},
		"dashdash": {
			"version": "1.14.1",
			"resolved": "https://registry.npm.taobao.org/dashdash/download/dashdash-1.14.1.tgz?cache=0&sync_timestamp=1601073714105&other_urls=https%3A%2F%2Fregistry.npm.taobao.org%2Fdashdash%2Fdownload%2Fdashdash-1.14.1.tgz",
			"integrity": "sha1-hTz6D3y+L+1d4gMmuN1YEDX24vA=",
			"requires": {
				"assert-plus": "^1.0.0"
			}
		},
		"data-urls": {
			"version": "2.0.0",
			"resolved": "https://registry.npm.taobao.org/data-urls/download/data-urls-2.0.0.tgz",
			"integrity": "sha1-FWSFpyljqXD11YIar2Qr7yvy25s=",
			"requires": {
				"abab": "^2.0.3",
				"whatwg-mimetype": "^2.3.0",
				"whatwg-url": "^8.0.0"
			}
		},
		"debug": {
			"version": "3.2.6",
			"resolved": "https://registry.npmjs.org/debug/-/debug-3.2.6.tgz",
			"integrity": "sha512-mel+jf7nrtEl5Pn1Qx46zARXKDpBbvzezse7p7LqINmdoIk8PYP5SySaxEmYv6TZ0JyEKA1hsCId6DIhgITtWQ==",
			"requires": {
				"ms": "^2.1.1"
			}
		},
		"decimal.js": {
			"version": "10.2.1",
			"resolved": "https://registry.npm.taobao.org/decimal.js/download/decimal.js-10.2.1.tgz",
			"integrity": "sha1-I4rnsPDHk9PjzqQQEIs1osAUJqM="
		},
		"decompress-response": {
			"version": "3.3.0",
			"resolved": "https://registry.npmjs.org/decompress-response/-/decompress-response-3.3.0.tgz",
			"integrity": "sha1-gKTdMjdIOEv6JICDYirt7Jgq3/M=",
			"requires": {
				"mimic-response": "^1.0.0"
			}
		},
		"deep-extend": {
			"version": "0.6.0",
			"resolved": "https://registry.npmjs.org/deep-extend/-/deep-extend-0.6.0.tgz",
			"integrity": "sha512-LOHxIOaPYdHlJRtCQfDIVZtfw/ufM8+rVj649RIHzcm/vGwQRXFt6OPqIFWsm2XEMrNIEtWR64sY1LEKD2vAOA=="
		},
		"deep-is": {
			"version": "0.1.3",
			"resolved": "https://registry.npm.taobao.org/deep-is/download/deep-is-0.1.3.tgz",
			"integrity": "sha1-s2nW+128E+7PUk+RsHD+7cNXzzQ="
		},
		"delayed-stream": {
			"version": "1.0.0",
			"resolved": "https://registry.npm.taobao.org/delayed-stream/download/delayed-stream-1.0.0.tgz",
			"integrity": "sha1-3zrhmayt+31ECqrgsp4icrJOxhk="
		},
		"delegates": {
			"version": "1.0.0",
			"resolved": "https://registry.npmjs.org/delegates/-/delegates-1.0.0.tgz",
			"integrity": "sha1-hMbhWbgZBP3KWaDvRM2HDTElD5o="
		},
		"detect-libc": {
			"version": "1.0.3",
			"resolved": "https://registry.npmjs.org/detect-libc/-/detect-libc-1.0.3.tgz",
			"integrity": "sha1-+hN8S9aY7fVc1c0CrFWfkaTEups="
		},
		"domexception": {
			"version": "2.0.1",
			"resolved": "https://registry.npm.taobao.org/domexception/download/domexception-2.0.1.tgz",
			"integrity": "sha1-+0Su+6eT4VdLCvau0oAdBXUp8wQ=",
			"requires": {
				"webidl-conversions": "^5.0.0"
			},
			"dependencies": {
				"webidl-conversions": {
					"version": "5.0.0",
					"resolved": "https://registry.npm.taobao.org/webidl-conversions/download/webidl-conversions-5.0.0.tgz?cache=0&sync_timestamp=1587140219948&other_urls=https%3A%2F%2Fregistry.npm.taobao.org%2Fwebidl-conversions%2Fdownload%2Fwebidl-conversions-5.0.0.tgz",
					"integrity": "sha1-rlnIoAsSFUOirMZcBDT1ew/BGv8="
				}
			}
		},
		"ecc-jsbn": {
			"version": "0.1.2",
			"resolved": "https://registry.npm.taobao.org/ecc-jsbn/download/ecc-jsbn-0.1.2.tgz",
			"integrity": "sha1-OoOpBOVDUyh4dMVkt1SThoSamMk=",
			"requires": {
				"jsbn": "~0.1.0",
				"safer-buffer": "^2.1.0"
			}
		},
		"escodegen": {
			"version": "1.14.3",
			"resolved": "https://registry.npm.taobao.org/escodegen/download/escodegen-1.14.3.tgz?cache=0&sync_timestamp=1596667949574&other_urls=https%3A%2F%2Fregistry.npm.taobao.org%2Fescodegen%2Fdownload%2Fescodegen-1.14.3.tgz",
			"integrity": "sha1-TnuB+6YVgdyXWC7XjKt/Do1j9QM=",
			"requires": {
				"esprima": "^4.0.1",
				"estraverse": "^4.2.0",
				"esutils": "^2.0.2",
				"optionator": "^0.8.1",
				"source-map": "~0.6.1"
			}
		},
		"esprima": {
			"version": "4.0.1",
			"resolved": "https://registry.npm.taobao.org/esprima/download/esprima-4.0.1.tgz",
			"integrity": "sha1-E7BM2z5sXRnfkatph6hpVhmwqnE="
		},
		"estraverse": {
			"version": "4.3.0",
			"resolved": "https://registry.npm.taobao.org/estraverse/download/estraverse-4.3.0.tgz",
			"integrity": "sha1-OYrT88WiSUi+dyXoPRGn3ijNvR0="
		},
		"esutils": {
			"version": "2.0.3",
			"resolved": "https://registry.npm.taobao.org/esutils/download/esutils-2.0.3.tgz",
			"integrity": "sha1-dNLrTeC42hKTcRkQ1Qd1ubcQ72Q="
		},
		"extend": {
			"version": "3.0.2",
			"resolved": "https://registry.npm.taobao.org/extend/download/extend-3.0.2.tgz",
			"integrity": "sha1-+LETa0Bx+9jrFAr/hYsQGewpFfo="
		},
		"extsprintf": {
			"version": "1.3.0",
			"resolved": "https://registry.npm.taobao.org/extsprintf/download/extsprintf-1.3.0.tgz",
			"integrity": "sha1-lpGEQOMEGnpBT4xS48V06zw+HgU="
		},
		"fast-deep-equal": {
			"version": "3.1.3",
			"resolved": "https://registry.npm.taobao.org/fast-deep-equal/download/fast-deep-equal-3.1.3.tgz?cache=0&sync_timestamp=1591599604977&other_urls=https%3A%2F%2Fregistry.npm.taobao.org%2Ffast-deep-equal%2Fdownload%2Ffast-deep-equal-3.1.3.tgz",
			"integrity": "sha1-On1WtVnWy8PrUSMlJE5hmmXGxSU="
		},
		"fast-json-stable-stringify": {
			"version": "2.1.0",
			"resolved": "https://registry.npm.taobao.org/fast-json-stable-stringify/download/fast-json-stable-stringify-2.1.0.tgz",
			"integrity": "sha1-h0v2nG9ATCtdmcSBNBOZ/VWJJjM="
		},
		"fast-levenshtein": {
			"version": "2.0.6",
			"resolved": "https://registry.npm.taobao.org/fast-levenshtein/download/fast-levenshtein-2.0.6.tgz",
			"integrity": "sha1-PYpcZog6FqMMqGQ+hR8Zuqd5eRc="
		},
		"forever-agent": {
			"version": "0.6.1",
			"resolved": "https://registry.npm.taobao.org/forever-agent/download/forever-agent-0.6.1.tgz",
			"integrity": "sha1-+8cfDEGt6zf5bFd60e1C2P2sypE="
		},
		"form-data": {
			"version": "2.3.3",
			"resolved": "https://registry.npm.taobao.org/form-data/download/form-data-2.3.3.tgz?cache=0&sync_timestamp=1589721949882&other_urls=https%3A%2F%2Fregistry.npm.taobao.org%2Fform-data%2Fdownload%2Fform-data-2.3.3.tgz",
			"integrity": "sha1-3M5SwF9kTymManq5Nr1yTO/786Y=",
			"requires": {
				"asynckit": "^0.4.0",
				"combined-stream": "^1.0.6",
				"mime-types": "^2.1.12"
			}
		},
		"fs-minipass": {
			"version": "1.2.6",
			"resolved": "https://registry.npmjs.org/fs-minipass/-/fs-minipass-1.2.6.tgz",
			"integrity": "sha512-crhvyXcMejjv3Z5d2Fa9sf5xLYVCF5O1c71QxbVnbLsmYMBEvDAftewesN/HhY03YRoA7zOMxjNGrF5svGaaeQ==",
			"requires": {
				"minipass": "^2.2.1"
			}
		},
		"fs.realpath": {
			"version": "1.0.0",
			"resolved": "https://registry.npmjs.org/fs.realpath/-/fs.realpath-1.0.0.tgz",
			"integrity": "sha1-FQStJSMVjKpA20onh8sBQRmU6k8="
		},
		"gauge": {
			"version": "2.7.4",
			"resolved": "https://registry.npmjs.org/gauge/-/gauge-2.7.4.tgz",
			"integrity": "sha1-LANAXHU4w51+s3sxcCLjJfsBi/c=",
			"requires": {
				"aproba": "^1.0.3",
				"console-control-strings": "^1.0.0",
				"has-unicode": "^2.0.0",
				"object-assign": "^4.1.0",
				"signal-exit": "^3.0.0",
				"string-width": "^1.0.1",
				"strip-ansi": "^3.0.1",
				"wide-align": "^1.1.0"
			}
		},
		"getpass": {
			"version": "0.1.7",
			"resolved": "https://registry.npm.taobao.org/getpass/download/getpass-0.1.7.tgz",
			"integrity": "sha1-Xv+OPmhNVprkyysSgmBOi6YhSfo=",
			"requires": {
				"assert-plus": "^1.0.0"
			}
		},
		"glob": {
			"version": "7.1.4",
			"resolved": "https://registry.npmjs.org/glob/-/glob-7.1.4.tgz",
			"integrity": "sha512-hkLPepehmnKk41pUGm3sYxoFs/umurYfYJCerbXEyFIWcAzvpipAgVkBqqT9RBKMGjnq6kMuyYwha6csxbiM1A==",
			"requires": {
				"fs.realpath": "^1.0.0",
				"inflight": "^1.0.4",
				"inherits": "2",
				"minimatch": "^3.0.4",
				"once": "^1.3.0",
				"path-is-absolute": "^1.0.0"
			}
		},
		"har-schema": {
			"version": "2.0.0",
			"resolved": "https://registry.npm.taobao.org/har-schema/download/har-schema-2.0.0.tgz",
			"integrity": "sha1-qUwiJOvKwEeCoNkDVSHyRzW37JI="
		},
		"har-validator": {
			"version": "5.1.5",
			"resolved": "https://registry.npm.taobao.org/har-validator/download/har-validator-5.1.5.tgz?cache=0&sync_timestamp=1596082584903&other_urls=https%3A%2F%2Fregistry.npm.taobao.org%2Fhar-validator%2Fdownload%2Fhar-validator-5.1.5.tgz",
			"integrity": "sha1-HwgDufjLIMD6E4It8ezds2veHv0=",
			"requires": {
				"ajv": "^6.12.3",
				"har-schema": "^2.0.0"
			}
		},
		"has-unicode": {
			"version": "2.0.1",
			"resolved": "https://registry.npmjs.org/has-unicode/-/has-unicode-2.0.1.tgz",
			"integrity": "sha1-4Ob+aijPUROIVeCG0Wkedx3iqLk="
		},
		"html-encoding-sniffer": {
			"version": "2.0.1",
			"resolved": "https://registry.npm.taobao.org/html-encoding-sniffer/download/html-encoding-sniffer-2.0.1.tgz",
			"integrity": "sha1-QqbcT9M/ACgRduiyN1nKTk+hhfM=",
			"requires": {
				"whatwg-encoding": "^1.0.5"
			}
		},
		"http-signature": {
			"version": "1.2.0",
			"resolved": "https://registry.npm.taobao.org/http-signature/download/http-signature-1.2.0.tgz?cache=0&sync_timestamp=1600868555829&other_urls=https%3A%2F%2Fregistry.npm.taobao.org%2Fhttp-signature%2Fdownload%2Fhttp-signature-1.2.0.tgz",
			"integrity": "sha1-muzZJRFHcvPZW2WmCruPfBj7rOE=",
			"requires": {
				"assert-plus": "^1.0.0",
				"jsprim": "^1.2.2",
				"sshpk": "^1.7.0"
			}
		},
		"iconv-lite": {
			"version": "0.4.24",
			"resolved": "https://registry.npmjs.org/iconv-lite/-/iconv-lite-0.4.24.tgz",
			"integrity": "sha512-v3MXnZAcvnywkTUEZomIActle7RXXeedOR31wwl7VlyoXO4Qi9arvSenNQWne1TcRwhCL1HwLI21bEqdpj8/rA==",
			"requires": {
				"safer-buffer": ">= 2.1.2 < 3"
			}
		},
		"ignore-walk": {
			"version": "3.0.1",
			"resolved": "https://registry.npmjs.org/ignore-walk/-/ignore-walk-3.0.1.tgz",
			"integrity": "sha512-DTVlMx3IYPe0/JJcYP7Gxg7ttZZu3IInhuEhbchuqneY9wWe5Ojy2mXLBaQFUQmo0AW2r3qG7m1mg86js+gnlQ==",
			"requires": {
				"minimatch": "^3.0.4"
			}
		},
		"inflight": {
			"version": "1.0.6",
			"resolved": "https://registry.npmjs.org/inflight/-/inflight-1.0.6.tgz",
			"integrity": "sha1-Sb1jMdfQLQwJvJEKEHW6gWW1bfk=",
			"requires": {
				"once": "^1.3.0",
				"wrappy": "1"
			}
		},
		"inherits": {
			"version": "2.0.4",
			"resolved": "https://registry.npmjs.org/inherits/-/inherits-2.0.4.tgz",
			"integrity": "sha512-k/vGaX4/Yla3WzyMCvTQOXYeIHvqOKtnqBduzTHpzpQZzAskKMhZ2K+EnBiSM9zGSoIFeMpXKxa4dYeZIQqewQ=="
		},
		"ini": {
			"version": "1.3.8",
			"resolved": "https://registry.npmjs.org/ini/-/ini-1.3.8.tgz",
			"integrity": "sha512-JV/yugV2uzW5iMRSiZAyDtQd+nxtUnjeLt0acNdw98kKLrvuRVyB80tsREOE7yvGVgalhZ6RNXCmEHkUKBKxew=="
		},
		"ip-regex": {
			"version": "2.1.0",
			"resolved": "https://registry.npm.taobao.org/ip-regex/download/ip-regex-2.1.0.tgz?cache=0&sync_timestamp=1601334379393&other_urls=https%3A%2F%2Fregistry.npm.taobao.org%2Fip-regex%2Fdownload%2Fip-regex-2.1.0.tgz",
			"integrity": "sha1-+ni/XS5pE8kRzp+BnuUUa7bYROk="
		},
		"is-fullwidth-code-point": {
			"version": "1.0.0",
			"resolved": "https://registry.npmjs.org/is-fullwidth-code-point/-/is-fullwidth-code-point-1.0.0.tgz",
			"integrity": "sha1-754xOG8DGn8NZDr4L95QxFfvAMs=",
			"requires": {
				"number-is-nan": "^1.0.0"
			}
		},
		"is-potential-custom-element-name": {
			"version": "1.0.0",
			"resolved": "https://registry.npm.taobao.org/is-potential-custom-element-name/download/is-potential-custom-element-name-1.0.0.tgz",
			"integrity": "sha1-DFLlS8yjkbssSUsh6GJtczbG45c="
		},
		"is-typedarray": {
			"version": "1.0.0",
			"resolved": "https://registry.npm.taobao.org/is-typedarray/download/is-typedarray-1.0.0.tgz",
			"integrity": "sha1-5HnICFjfDBsR3dppQPlgEfzaSpo="
		},
		"isarray": {
			"version": "1.0.0",
			"resolved": "https://registry.npmjs.org/isarray/-/isarray-1.0.0.tgz",
			"integrity": "sha1-u5NdSFgsuhaMBoNJV6VKPgcSTxE="
		},
		"isstream": {
			"version": "0.1.2",
			"resolved": "https://registry.npm.taobao.org/isstream/download/isstream-0.1.2.tgz",
			"integrity": "sha1-R+Y/evVa+m+S4VAOaQ64uFKcCZo="
		},
		"jsbn": {
			"version": "0.1.1",
			"resolved": "https://registry.npm.taobao.org/jsbn/download/jsbn-0.1.1.tgz",
			"integrity": "sha1-peZUwuWi3rXyAdls77yoDA7y9RM="
		},
		"jsdom": {
			"version": "16.4.0",
			"resolved": "https://registry.npm.taobao.org/jsdom/download/jsdom-16.4.0.tgz?cache=0&sync_timestamp=1596916084670&other_urls=https%3A%2F%2Fregistry.npm.taobao.org%2Fjsdom%2Fdownload%2Fjsdom-16.4.0.tgz",
			"integrity": "sha1-NgBb3i0Tb3Pu4agwxtReVUCO3ds=",
			"requires": {
				"abab": "^2.0.3",
				"acorn": "^7.1.1",
				"acorn-globals": "^6.0.0",
				"cssom": "^0.4.4",
				"cssstyle": "^2.2.0",
				"data-urls": "^2.0.0",
				"decimal.js": "^10.2.0",
				"domexception": "^2.0.1",
				"escodegen": "^1.14.1",
				"html-encoding-sniffer": "^2.0.1",
				"is-potential-custom-element-name": "^1.0.0",
				"nwsapi": "^2.2.0",
				"parse5": "5.1.1",
				"request": "^2.88.2",
				"request-promise-native": "^1.0.8",
				"saxes": "^5.0.0",
				"symbol-tree": "^3.2.4",
				"tough-cookie": "^3.0.1",
				"w3c-hr-time": "^1.0.2",
				"w3c-xmlserializer": "^2.0.0",
				"webidl-conversions": "^6.1.0",
				"whatwg-encoding": "^1.0.5",
				"whatwg-mimetype": "^2.3.0",
				"whatwg-url": "^8.0.0",
				"ws": "^7.2.3",
				"xml-name-validator": "^3.0.0"
			}
		},
		"json-schema": {
			"version": "0.2.3",
			"resolved": "https://registry.npm.taobao.org/json-schema/download/json-schema-0.2.3.tgz",
			"integrity": "sha1-tIDIkuWaLwWVTOcnvT8qTogvnhM="
		},
		"json-schema-traverse": {
			"version": "0.4.1",
			"resolved": "https://registry.npm.taobao.org/json-schema-traverse/download/json-schema-traverse-0.4.1.tgz?cache=0&sync_timestamp=1599333925809&other_urls=https%3A%2F%2Fregistry.npm.taobao.org%2Fjson-schema-traverse%2Fdownload%2Fjson-schema-traverse-0.4.1.tgz",
			"integrity": "sha1-afaofZUTq4u4/mO9sJecRI5oRmA="
		},
		"json-stringify-safe": {
			"version": "5.0.1",
			"resolved": "https://registry.npm.taobao.org/json-stringify-safe/download/json-stringify-safe-5.0.1.tgz",
			"integrity": "sha1-Epai1Y/UXxmg9s4B1lcB4sc1tus="
		},
		"jsprim": {
			"version": "1.4.1",
			"resolved": "https://registry.npm.taobao.org/jsprim/download/jsprim-1.4.1.tgz",
			"integrity": "sha1-MT5mvB5cwG5Di8G3SZwuXFastqI=",
			"requires": {
				"assert-plus": "1.0.0",
				"extsprintf": "1.3.0",
				"json-schema": "0.2.3",
				"verror": "1.10.0"
			}
		},
		"levn": {
			"version": "0.3.0",
			"resolved": "https://registry.npm.taobao.org/levn/download/levn-0.3.0.tgz",
			"integrity": "sha1-OwmSTt+fCDwEkP3UwLxEIeBHZO4=",
			"requires": {
				"prelude-ls": "~1.1.2",
				"type-check": "~0.3.2"
			}
		},
		"lodash": {
			"version": "4.17.20",
			"resolved": "https://registry.npm.taobao.org/lodash/download/lodash-4.17.20.tgz?cache=0&sync_timestamp=1599037469831&other_urls=https%3A%2F%2Fregistry.npm.taobao.org%2Flodash%2Fdownload%2Flodash-4.17.20.tgz",
			"integrity": "sha1-tEqbYpe8tpjxxRo1RaKzs2jVnFI="
		},
		"lodash.sortby": {
			"version": "4.7.0",
			"resolved": "https://registry.npm.taobao.org/lodash.sortby/download/lodash.sortby-4.7.0.tgz",
			"integrity": "sha1-7dFMgk4sycHgsKG0K7UhBRakJDg="
		},
		"mime-db": {
			"version": "1.44.0",
			"resolved": "https://registry.npm.taobao.org/mime-db/download/mime-db-1.44.0.tgz?cache=0&sync_timestamp=1600831159918&other_urls=https%3A%2F%2Fregistry.npm.taobao.org%2Fmime-db%2Fdownload%2Fmime-db-1.44.0.tgz",
			"integrity": "sha1-+hHF6wrKEzS0Izy01S8QxaYnL5I="
		},
		"mime-types": {
			"version": "2.1.27",
			"resolved": "https://registry.npm.taobao.org/mime-types/download/mime-types-2.1.27.tgz",
			"integrity": "sha1-R5SfmOJ56lMRn1ci4PNOUpvsAJ8=",
			"requires": {
				"mime-db": "1.44.0"
			}
		},
		"mimic-response": {
			"version": "1.0.1",
			"resolved": "https://registry.npmjs.org/mimic-response/-/mimic-response-1.0.1.tgz",
			"integrity": "sha512-j5EctnkH7amfV/q5Hgmoal1g2QHFJRraOtmx0JpIqkxhBhI/lJSl1nMpQ45hVarwNETOoWEimndZ4QK0RHxuxQ=="
		},
		"minimatch": {
			"version": "3.0.4",
			"resolved": "https://registry.npmjs.org/minimatch/-/minimatch-3.0.4.tgz",
			"integrity": "sha512-yJHVQEhyqPLUTgt9B83PXu6W3rx4MvvHvSUvToogpwoGDOUQ+yDrR0HRot+yOCdCO7u4hX3pWft6kWBBcqh0UA==",
			"requires": {
				"brace-expansion": "^1.1.7"
			}
		},
		"minimist": {
			"version": "0.0.8",
			"resolved": "https://registry.npmjs.org/minimist/-/minimist-0.0.8.tgz",
			"integrity": "sha1-hX/Kv8M5fSYluCKCYuhqp6ARsF0="
		},
		"minipass": {
			"version": "2.5.0",
			"resolved": "https://registry.npmjs.org/minipass/-/minipass-2.5.0.tgz",
			"integrity": "sha512-9FwMVYhn6ERvMR8XFdOavRz4QK/VJV8elU1x50vYexf9lslDcWe/f4HBRxCPd185ekRSjU6CfYyJCECa/CQy7Q==",
			"requires": {
				"safe-buffer": "^5.1.2",
				"yallist": "^3.0.0"
			}
		},
		"minizlib": {
			"version": "1.2.1",
			"resolved": "https://registry.npmjs.org/minizlib/-/minizlib-1.2.1.tgz",
			"integrity": "sha512-7+4oTUOWKg7AuL3vloEWekXY2/D20cevzsrNT2kGWm+39J9hGTCBv8VI5Pm5lXZ/o3/mdR4f8rflAPhnQb8mPA==",
			"requires": {
				"minipass": "^2.2.1"
			}
		},
		"mkdirp": {
			"version": "0.5.1",
			"resolved": "https://registry.npmjs.org/mkdirp/-/mkdirp-0.5.1.tgz",
			"integrity": "sha1-MAV0OOrGz3+MR2fzhkjWaX11yQM=",
			"requires": {
				"minimist": "0.0.8"
			}
		},
		"ms": {
			"version": "2.1.2",
			"resolved": "https://registry.npmjs.org/ms/-/ms-2.1.2.tgz",
			"integrity": "sha512-sGkPx+VjMtmA6MX27oA4FBFELFCZZ4S4XqeGOXCv68tT+jb3vk/RyaKWP0PTKyWtmLSM0b+adUTEvbs1PEaH2w=="
		},
		"nan": {
			"version": "2.14.0",
			"resolved": "https://registry.npmjs.org/nan/-/nan-2.14.0.tgz",
			"integrity": "sha512-INOFj37C7k3AfaNTtX8RhsTw7qRy7eLET14cROi9+5HAVbbHuIWUHEauBv5qT4Av2tWasiTY1Jw6puUNqRJXQg=="
		},
		"needle": {
			"version": "2.4.0",
			"resolved": "https://registry.npmjs.org/needle/-/needle-2.4.0.tgz",
			"integrity": "sha512-4Hnwzr3mi5L97hMYeNl8wRW/Onhy4nUKR/lVemJ8gJedxxUyBLm9kkrDColJvoSfwi0jCNhD+xCdOtiGDQiRZg==",
			"requires": {
				"debug": "^3.2.6",
				"iconv-lite": "^0.4.4",
				"sax": "^1.2.4"
			}
		},
		"node-pre-gyp": {
			"version": "0.11.0",
			"resolved": "https://registry.npmjs.org/node-pre-gyp/-/node-pre-gyp-0.11.0.tgz",
			"integrity": "sha512-TwWAOZb0j7e9eGaf9esRx3ZcLaE5tQ2lvYy1pb5IAaG1a2e2Kv5Lms1Y4hpj+ciXJRofIxxlt5haeQ/2ANeE0Q==",
			"requires": {
				"detect-libc": "^1.0.2",
				"mkdirp": "^0.5.1",
				"needle": "^2.2.1",
				"nopt": "^4.0.1",
				"npm-packlist": "^1.1.6",
				"npmlog": "^4.0.2",
				"rc": "^1.2.7",
				"rimraf": "^2.6.1",
				"semver": "^5.3.0",
				"tar": "^4"
			}
		},
		"nopt": {
			"version": "4.0.1",
			"resolved": "https://registry.npmjs.org/nopt/-/nopt-4.0.1.tgz",
			"integrity": "sha1-0NRoWv1UFRk8jHUFYC0NF81kR00=",
			"requires": {
				"abbrev": "1",
				"osenv": "^0.1.4"
			}
		},
		"npm-bundled": {
			"version": "1.0.6",
			"resolved": "https://registry.npmjs.org/npm-bundled/-/npm-bundled-1.0.6.tgz",
			"integrity": "sha512-8/JCaftHwbd//k6y2rEWp6k1wxVfpFzB6t1p825+cUb7Ym2XQfhwIC5KwhrvzZRJu+LtDE585zVaS32+CGtf0g=="
		},
		"npm-packlist": {
			"version": "1.4.4",
			"resolved": "https://registry.npmjs.org/npm-packlist/-/npm-packlist-1.4.4.tgz",
			"integrity": "sha512-zTLo8UcVYtDU3gdeaFu2Xu0n0EvelfHDGuqtNIn5RO7yQj4H1TqNdBc/yZjxnWA0PVB8D3Woyp0i5B43JwQ6Vw==",
			"requires": {
				"ignore-walk": "^3.0.1",
				"npm-bundled": "^1.0.1"
			}
		},
		"npmlog": {
			"version": "4.1.2",
			"resolved": "https://registry.npmjs.org/npmlog/-/npmlog-4.1.2.tgz",
			"integrity": "sha512-2uUqazuKlTaSI/dC8AzicUck7+IrEaOnN/e0jd3Xtt1KcGpwx30v50mL7oPyr/h9bL3E4aZccVwpwP+5W9Vjkg==",
			"requires": {
				"are-we-there-yet": "~1.1.2",
				"console-control-strings": "~1.1.0",
				"gauge": "~2.7.3",
				"set-blocking": "~2.0.0"
			}
		},
		"number-is-nan": {
			"version": "1.0.1",
			"resolved": "https://registry.npmjs.org/number-is-nan/-/number-is-nan-1.0.1.tgz",
			"integrity": "sha1-CXtgK1NCKlIsGvuHkDGDNpQaAR0="
		},
		"nwsapi": {
			"version": "2.2.0",
			"resolved": "https://registry.npm.taobao.org/nwsapi/download/nwsapi-2.2.0.tgz",
			"integrity": "sha1-IEh5qePQaP8qVROcLHcngGgaOLc="
		},
		"oauth-sign": {
			"version": "0.9.0",
			"resolved": "https://registry.npm.taobao.org/oauth-sign/download/oauth-sign-0.9.0.tgz",
			"integrity": "sha1-R6ewFrqmi1+g7PPe4IqFxnmsZFU="
		},
		"object-assign": {
			"version": "4.1.1",
			"resolved": "https://registry.npmjs.org/object-assign/-/object-assign-4.1.1.tgz",
			"integrity": "sha1-IQmtx5ZYh8/AXLvUQsrIv7s2CGM="
		},
		"once": {
			"version": "1.4.0",
			"resolved": "https://registry.npmjs.org/once/-/once-1.4.0.tgz",
			"integrity": "sha1-WDsap3WWHUsROsF9nFC6753Xa9E=",
			"requires": {
				"wrappy": "1"
			}
		},
		"optionator": {
			"version": "0.8.3",
			"resolved": "https://registry.npm.taobao.org/optionator/download/optionator-0.8.3.tgz",
			"integrity": "sha1-hPodA2/p08fiHZmIS2ARZ+yPtJU=",
			"requires": {
				"deep-is": "~0.1.3",
				"fast-levenshtein": "~2.0.6",
				"levn": "~0.3.0",
				"prelude-ls": "~1.1.2",
				"type-check": "~0.3.2",
				"word-wrap": "~1.2.3"
			}
		},
		"os-homedir": {
			"version": "1.0.2",
			"resolved": "https://registry.npmjs.org/os-homedir/-/os-homedir-1.0.2.tgz",
			"integrity": "sha1-/7xJiDNuDoM94MFox+8VISGqf7M="
		},
		"os-tmpdir": {
			"version": "1.0.2",
			"resolved": "https://registry.npmjs.org/os-tmpdir/-/os-tmpdir-1.0.2.tgz",
			"integrity": "sha1-u+Z0BseaqFxc/sdm/lc0VV36EnQ="
		},
		"osenv": {
			"version": "0.1.5",
			"resolved": "https://registry.npmjs.org/osenv/-/osenv-0.1.5.tgz",
			"integrity": "sha512-0CWcCECdMVc2Rw3U5w9ZjqX6ga6ubk1xDVKxtBQPK7wis/0F2r9T6k4ydGYhecl7YUBxBVxhL5oisPsNxAPe2g==",
			"requires": {
				"os-homedir": "^1.0.0",
				"os-tmpdir": "^1.0.0"
			}
		},
		"parse5": {
			"version": "5.1.1",
			"resolved": "https://registry.npm.taobao.org/parse5/download/parse5-5.1.1.tgz?cache=0&sync_timestamp=1595850974091&other_urls=https%3A%2F%2Fregistry.npm.taobao.org%2Fparse5%2Fdownload%2Fparse5-5.1.1.tgz",
			"integrity": "sha1-9o5OW6GFKsLK3AD0VV//bCq7YXg="
		},
		"path-is-absolute": {
			"version": "1.0.1",
			"resolved": "https://registry.npmjs.org/path-is-absolute/-/path-is-absolute-1.0.1.tgz",
			"integrity": "sha1-F0uSaHNVNP+8es5r9TpanhtcX18="
		},
		"performance-now": {
			"version": "2.1.0",
			"resolved": "https://registry.npm.taobao.org/performance-now/download/performance-now-2.1.0.tgz",
			"integrity": "sha1-Ywn04OX6kT7BxpMHrjZLSzd8nns="
		},
		"prelude-ls": {
			"version": "1.1.2",
			"resolved": "https://registry.npm.taobao.org/prelude-ls/download/prelude-ls-1.1.2.tgz",
			"integrity": "sha1-IZMqVJ9eUv/ZqCf1cOBL5iqX2lQ="
		},
		"process-nextick-args": {
			"version": "2.0.1",
			"resolved": "https://registry.npmjs.org/process-nextick-args/-/process-nextick-args-2.0.1.tgz",
			"integrity": "sha512-3ouUOpQhtgrbOa17J7+uxOTpITYWaGP7/AhoR3+A+/1e9skrzelGi/dXzEYyvbxubEF6Wn2ypscTKiKJFFn1ag=="
		},
		"psl": {
			"version": "1.8.0",
			"resolved": "https://registry.npm.taobao.org/psl/download/psl-1.8.0.tgz",
			"integrity": "sha1-kyb4vPsBOtzABf3/BWrM4CDlHCQ="
		},
		"punycode": {
			"version": "2.1.1",
			"resolved": "https://registry.npm.taobao.org/punycode/download/punycode-2.1.1.tgz",
			"integrity": "sha1-tYsBCsQMIsVldhbI0sLALHv0eew="
		},
		"qs": {
			"version": "6.5.2",
			"resolved": "https://registry.npm.taobao.org/qs/download/qs-6.5.2.tgz?cache=0&other_urls=https%3A%2F%2Fregistry.npm.taobao.org%2Fqs%2Fdownload%2Fqs-6.5.2.tgz",
			"integrity": "sha1-yzroBuh0BERYTvFUzo7pjUA/PjY="
		},
		"rc": {
			"version": "1.2.8",
			"resolved": "https://registry.npmjs.org/rc/-/rc-1.2.8.tgz",
			"integrity": "sha512-y3bGgqKj3QBdxLbLkomlohkvsA8gdAiUQlSBJnBhfn+BPxg4bc62d8TcBW15wavDfgexCgccckhcZvywyQYPOw==",
			"requires": {
				"deep-extend": "^0.6.0",
				"ini": "~1.3.0",
				"minimist": "^1.2.0",
				"strip-json-comments": "~2.0.1"
			},
			"dependencies": {
				"minimist": {
					"version": "1.2.0",
					"resolved": "https://registry.npmjs.org/minimist/-/minimist-1.2.0.tgz",
					"integrity": "sha1-o1AIsg9BOD7sH7kU9M1d95omQoQ="
				}
			}
		},
		"readable-stream": {
			"version": "2.3.6",
			"resolved": "https://registry.npmjs.org/readable-stream/-/readable-stream-2.3.6.tgz",
			"integrity": "sha512-tQtKA9WIAhBF3+VLAseyMqZeBjW0AHJoxOtYqSUZNJxauErmLbVm2FW1y+J/YA9dUrAC39ITejlZWhVIwawkKw==",
			"requires": {
				"core-util-is": "~1.0.0",
				"inherits": "~2.0.3",
				"isarray": "~1.0.0",
				"process-nextick-args": "~2.0.0",
				"safe-buffer": "~5.1.1",
				"string_decoder": "~1.1.1",
				"util-deprecate": "~1.0.1"
			}
		},
		"request": {
			"version": "2.88.2",
			"resolved": "https://registry.npm.taobao.org/request/download/request-2.88.2.tgz",
			"integrity": "sha1-1zyRhzHLWofaBH4gcjQUb2ZNErM=",
			"requires": {
				"aws-sign2": "~0.7.0",
				"aws4": "^1.8.0",
				"caseless": "~0.12.0",
				"combined-stream": "~1.0.6",
				"extend": "~3.0.2",
				"forever-agent": "~0.6.1",
				"form-data": "~2.3.2",
				"har-validator": "~5.1.3",
				"http-signature": "~1.2.0",
				"is-typedarray": "~1.0.0",
				"isstream": "~0.1.2",
				"json-stringify-safe": "~5.0.1",
				"mime-types": "~2.1.19",
				"oauth-sign": "~0.9.0",
				"performance-now": "^2.1.0",
				"qs": "~6.5.2",
				"safe-buffer": "^5.1.2",
				"tough-cookie": "~2.5.0",
				"tunnel-agent": "^0.6.0",
				"uuid": "^3.3.2"
			},
			"dependencies": {
				"tough-cookie": {
					"version": "2.5.0",
					"resolved": "https://registry.npm.taobao.org/tough-cookie/download/tough-cookie-2.5.0.tgz",
					"integrity": "sha1-zZ+yoKodWhK0c72fuW+j3P9lreI=",
					"requires": {
						"psl": "^1.1.28",
						"punycode": "^2.1.1"
					}
				}
			}
		},
		"request-promise-core": {
			"version": "1.1.4",
			"resolved": "https://registry.npm.taobao.org/request-promise-core/download/request-promise-core-1.1.4.tgz?cache=0&sync_timestamp=1595382871796&other_urls=https%3A%2F%2Fregistry.npm.taobao.org%2Frequest-promise-core%2Fdownload%2Frequest-promise-core-1.1.4.tgz",
			"integrity": "sha1-Pu3UIjII1BmGe3jOgVFn0QWToi8=",
			"requires": {
				"lodash": "^4.17.19"
			}
		},
		"request-promise-native": {
			"version": "1.0.9",
			"resolved": "https://registry.npm.taobao.org/request-promise-native/download/request-promise-native-1.0.9.tgz",
			"integrity": "sha1-5AcSBSal79yaObKKVnm/R7nZ3Cg=",
			"requires": {
				"request-promise-core": "1.1.4",
				"stealthy-require": "^1.1.1",
				"tough-cookie": "^2.3.3"
			},
			"dependencies": {
				"tough-cookie": {
					"version": "2.5.0",
					"resolved": "https://registry.npm.taobao.org/tough-cookie/download/tough-cookie-2.5.0.tgz",
					"integrity": "sha1-zZ+yoKodWhK0c72fuW+j3P9lreI=",
					"requires": {
						"psl": "^1.1.28",
						"punycode": "^2.1.1"
					}
				}
			}
		},
		"rimraf": {
			"version": "2.7.1",
			"resolved": "https://registry.npmjs.org/rimraf/-/rimraf-2.7.1.tgz",
			"integrity": "sha512-uWjbaKIK3T1OSVptzX7Nl6PvQ3qAGtKEtVRjRuazjfL3Bx5eI409VZSqgND+4UNnmzLVdPj9FqFJNPqBZFve4w==",
			"requires": {
				"glob": "^7.1.3"
			}
		},
		"safe-buffer": {
			"version": "5.1.2",
			"resolved": "https://registry.npmjs.org/safe-buffer/-/safe-buffer-5.1.2.tgz",
			"integrity": "sha512-Gd2UZBJDkXlY7GbJxfsE8/nvKkUEU1G38c1siN6QP6a9PT9MmHB8GnpscSmMJSoF8LOIrt8ud/wPtojys4G6+g=="
		},
		"safer-buffer": {
			"version": "2.1.2",
			"resolved": "https://registry.npmjs.org/safer-buffer/-/safer-buffer-2.1.2.tgz",
			"integrity": "sha512-YZo3K82SD7Riyi0E1EQPojLz7kpepnSQI9IyPbHHg1XXXevb5dJI7tpyN2ADxGcQbHG7vcyRHk0cbwqcQriUtg=="
		},
		"sax": {
			"version": "1.2.4",
			"resolved": "https://registry.npmjs.org/sax/-/sax-1.2.4.tgz",
			"integrity": "sha512-NqVDv9TpANUjFm0N8uM5GxL36UgKi9/atZw+x7YFnQ8ckwFGKrl4xX4yWtrey3UJm5nP1kUbnYgLopqWNSRhWw=="
		},
		"saxes": {
			"version": "5.0.1",
			"resolved": "https://registry.npm.taobao.org/saxes/download/saxes-5.0.1.tgz",
			"integrity": "sha1-7rq5U/o7dgjb6U5drbFciI+maW0=",
			"requires": {
				"xmlchars": "^2.2.0"
			}
		},
		"semver": {
			"version": "5.7.1",
			"resolved": "https://registry.npmjs.org/semver/-/semver-5.7.1.tgz",
			"integrity": "sha512-sauaDf/PZdVgrLTNYHRtpXa1iRiKcaebiKQ1BJdpQlWH2lCvexQdX55snPFyK7QzpudqbCI0qXFfOasHdyNDGQ=="
		},
		"set-blocking": {
			"version": "2.0.0",
			"resolved": "https://registry.npmjs.org/set-blocking/-/set-blocking-2.0.0.tgz",
			"integrity": "sha1-BF+XgtARrppoA93TgrJDkrPYkPc="
		},
		"signal-exit": {
			"version": "3.0.2",
			"resolved": "https://registry.npmjs.org/signal-exit/-/signal-exit-3.0.2.tgz",
			"integrity": "sha1-tf3AjxKH6hF4Yo5BXiUTK3NkbG0="
		},
		"simple-concat": {
			"version": "1.0.0",
			"resolved": "https://registry.npmjs.org/simple-concat/-/simple-concat-1.0.0.tgz",
			"integrity": "sha1-c0TLuLbib7J9ZrL8hvn21Zl1IcY="
		},
		"simple-get": {
			"version": "3.0.3",
			"resolved": "https://registry.npmjs.org/simple-get/-/simple-get-3.0.3.tgz",
			"integrity": "sha512-Wvre/Jq5vgoz31Z9stYWPLn0PqRqmBDpFSdypAnHu5AvRVCYPRYGnvryNLiXu8GOBNDH82J2FRHUGMjjHUpXFw==",
			"requires": {
				"decompress-response": "^3.3.0",
				"once": "^1.3.1",
				"simple-concat": "^1.0.0"
			}
		},
		"source-map": {
			"version": "0.6.1",
			"resolved": "https://registry.npm.taobao.org/source-map/download/source-map-0.6.1.tgz?cache=0&sync_timestamp=1589682764497&other_urls=https%3A%2F%2Fregistry.npm.taobao.org%2Fsource-map%2Fdownload%2Fsource-map-0.6.1.tgz",
			"integrity": "sha1-dHIq8y6WFOnCh6jQu95IteLxomM=",
			"optional": true
		},
		"sshpk": {
			"version": "1.16.1",
			"resolved": "https://registry.npm.taobao.org/sshpk/download/sshpk-1.16.1.tgz",
			"integrity": "sha1-+2YcC+8ps520B2nuOfpwCT1vaHc=",
			"requires": {
				"asn1": "~0.2.3",
				"assert-plus": "^1.0.0",
				"bcrypt-pbkdf": "^1.0.0",
				"dashdash": "^1.12.0",
				"ecc-jsbn": "~0.1.1",
				"getpass": "^0.1.1",
				"jsbn": "~0.1.0",
				"safer-buffer": "^2.0.2",
				"tweetnacl": "~0.14.0"
			}
		},
		"stealthy-require": {
			"version": "1.1.1",
			"resolved": "https://registry.npm.taobao.org/stealthy-require/download/stealthy-require-1.1.1.tgz",
			"integrity": "sha1-NbCYdbT/SfJqd35QmzCQoyJr8ks="
		},
		"string-width": {
			"version": "1.0.2",
			"resolved": "https://registry.npmjs.org/string-width/-/string-width-1.0.2.tgz",
			"integrity": "sha1-EYvfW4zcUaKn5w0hHgfisLmxB9M=",
			"requires": {
				"code-point-at": "^1.0.0",
				"is-fullwidth-code-point": "^1.0.0",
				"strip-ansi": "^3.0.0"
			}
		},
		"string_decoder": {
			"version": "1.1.1",
			"resolved": "https://registry.npmjs.org/string_decoder/-/string_decoder-1.1.1.tgz",
			"integrity": "sha512-n/ShnvDi6FHbbVfviro+WojiFzv+s8MPMHBczVePfUpDJLwoLT0ht1l4YwBCbi8pJAveEEdnkHyPyTP/mzRfwg==",
			"requires": {
				"safe-buffer": "~5.1.0"
			}
		},
		"strip-ansi": {
			"version": "3.0.1",
			"resolved": "https://registry.npmjs.org/strip-ansi/-/strip-ansi-3.0.1.tgz",
			"integrity": "sha1-ajhfuIU9lS1f8F0Oiq+UJ43GPc8=",
			"requires": {
				"ansi-regex": "^2.0.0"
			}
		},
		"strip-json-comments": {
			"version": "2.0.1",
			"resolved": "https://registry.npmjs.org/strip-json-comments/-/strip-json-comments-2.0.1.tgz",
			"integrity": "sha1-PFMZQukIwml8DsNEhYwobHygpgo="
		},
		"symbol-tree": {
			"version": "3.2.4",
			"resolved": "https://registry.npm.taobao.org/symbol-tree/download/symbol-tree-3.2.4.tgz",
			"integrity": "sha1-QwY30ki6d+B4iDlR+5qg7tfGP6I="
		},
		"tar": {
			"version": "4.4.10",
			"resolved": "https://registry.npmjs.org/tar/-/tar-4.4.10.tgz",
			"integrity": "sha512-g2SVs5QIxvo6OLp0GudTqEf05maawKUxXru104iaayWA09551tFCTI8f1Asb4lPfkBr91k07iL4c11XO3/b0tA==",
			"requires": {
				"chownr": "^1.1.1",
				"fs-minipass": "^1.2.5",
				"minipass": "^2.3.5",
				"minizlib": "^1.2.1",
				"mkdirp": "^0.5.0",
				"safe-buffer": "^5.1.2",
				"yallist": "^3.0.3"
			}
		},
		"tough-cookie": {
			"version": "3.0.1",
			"resolved": "https://registry.npm.taobao.org/tough-cookie/download/tough-cookie-3.0.1.tgz",
			"integrity": "sha1-nfT1fnOcJpMKAYGEiH9K233Kc7I=",
			"requires": {
				"ip-regex": "^2.1.0",
				"psl": "^1.1.28",
				"punycode": "^2.1.1"
			}
		},
		"tr46": {
			"version": "2.0.2",
			"resolved": "https://registry.npm.taobao.org/tr46/download/tr46-2.0.2.tgz",
			"integrity": "sha1-Ayc1ht7xWVrgj+2zjXczzukdJHk=",
			"requires": {
				"punycode": "^2.1.1"
			}
		},
		"tunnel-agent": {
			"version": "0.6.0",
			"resolved": "https://registry.npm.taobao.org/tunnel-agent/download/tunnel-agent-0.6.0.tgz",
			"integrity": "sha1-J6XeoGs2sEoKmWZ3SykIaPD8QP0=",
			"requires": {
				"safe-buffer": "^5.0.1"
			}
		},
		"tweetnacl": {
			"version": "0.14.5",
			"resolved": "https://registry.npm.taobao.org/tweetnacl/download/tweetnacl-0.14.5.tgz",
			"integrity": "sha1-WuaBd/GS1EViadEIr6k/+HQ/T2Q="
		},
		"type-check": {
			"version": "0.3.2",
			"resolved": "https://registry.npm.taobao.org/type-check/download/type-check-0.3.2.tgz",
			"integrity": "sha1-WITKtRLPHTVeP7eE8wgEsrUg23I=",
			"requires": {
				"prelude-ls": "~1.1.2"
			}
		},
		"uri-js": {
			"version": "4.4.0",
			"resolved": "https://registry.npm.taobao.org/uri-js/download/uri-js-4.4.0.tgz",
			"integrity": "sha1-qnFCYd55PoqCNHp7zJznTobyhgI=",
			"requires": {
				"punycode": "^2.1.0"
			}
		},
		"util-deprecate": {
			"version": "1.0.2",
			"resolved": "https://registry.npmjs.org/util-deprecate/-/util-deprecate-1.0.2.tgz",
			"integrity": "sha1-RQ1Nyfpw3nMnYvvS1KKJgUGaDM8="
		},
		"uuid": {
			"version": "3.4.0",
			"resolved": "https://registry.npm.taobao.org/uuid/download/uuid-3.4.0.tgz?cache=0&sync_timestamp=1601826526166&other_urls=https%3A%2F%2Fregistry.npm.taobao.org%2Fuuid%2Fdownload%2Fuuid-3.4.0.tgz",
			"integrity": "sha1-sj5DWK+oogL+ehAK8fX4g/AgB+4="
		},
		"verror": {
			"version": "1.10.0",
			"resolved": "https://registry.npm.taobao.org/verror/download/verror-1.10.0.tgz",
			"integrity": "sha1-OhBcoXBTr1XW4nDB+CiGguGNpAA=",
			"requires": {
				"assert-plus": "^1.0.0",
				"core-util-is": "1.0.2",
				"extsprintf": "^1.2.0"
			}
		},
		"w3c-hr-time": {
			"version": "1.0.2",
			"resolved": "https://registry.npm.taobao.org/w3c-hr-time/download/w3c-hr-time-1.0.2.tgz",
			"integrity": "sha1-ConN9cwVgi35w2BUNnaWPgzDCM0=",
			"requires": {
				"browser-process-hrtime": "^1.0.0"
			}
		},
		"w3c-xmlserializer": {
			"version": "2.0.0",
			"resolved": "https://registry.npm.taobao.org/w3c-xmlserializer/download/w3c-xmlserializer-2.0.0.tgz",
			"integrity": "sha1-PnEEoFt1FGzGD1ZDgLf2g6zxAgo=",
			"requires": {
				"xml-name-validator": "^3.0.0"
			}
		},
		"webidl-conversions": {
			"version": "6.1.0",
			"resolved": "https://registry.npm.taobao.org/webidl-conversions/download/webidl-conversions-6.1.0.tgz?cache=0&sync_timestamp=1587140219948&other_urls=https%3A%2F%2Fregistry.npm.taobao.org%2Fwebidl-conversions%2Fdownload%2Fwebidl-conversions-6.1.0.tgz",
			"integrity": "sha1-kRG01+qArNQPUnDWZmIa+ni2lRQ="
		},
		"whatwg-encoding": {
			"version": "1.0.5",
			"resolved": "https://registry.npm.taobao.org/whatwg-encoding/download/whatwg-encoding-1.0.5.tgz",
			"integrity": "sha1-WrrPd3wyFmpR0IXWtPPn0nET3bA=",
			"requires": {
				"iconv-lite": "0.4.24"
			}
		},
		"whatwg-mimetype": {
			"version": "2.3.0",
			"resolved": "https://registry.npm.taobao.org/whatwg-mimetype/download/whatwg-mimetype-2.3.0.tgz",
			"integrity": "sha1-PUseAxLSB5h5+Cav8Y2+7KWWD78="
		},
		"whatwg-url": {
			"version": "8.4.0",
			"resolved": "https://registry.npm.taobao.org/whatwg-url/download/whatwg-url-8.4.0.tgz?cache=0&sync_timestamp=1602174432220&other_urls=https%3A%2F%2Fregistry.npm.taobao.org%2Fwhatwg-url%2Fdownload%2Fwhatwg-url-8.4.0.tgz",
			"integrity": "sha1-UPuWFbBUaVkdKyvW367SlC7XKDc=",
			"requires": {
				"lodash.sortby": "^4.7.0",
				"tr46": "^2.0.2",
				"webidl-conversions": "^6.1.0"
			}
		},
		"wide-align": {
			"version": "1.1.3",
			"resolved": "https://registry.npmjs.org/wide-align/-/wide-align-1.1.3.tgz",
			"integrity": "sha512-QGkOQc8XL6Bt5PwnsExKBPuMKBxnGxWWW3fU55Xt4feHozMUhdUMaBCk290qpm/wG5u/RSKzwdAC4i51YigihA==",
			"requires": {
				"string-width": "^1.0.2 || 2"
			}
		},
		"word-wrap": {
			"version": "1.2.3",
			"resolved": "https://registry.npm.taobao.org/word-wrap/download/word-wrap-1.2.3.tgz",
			"integrity": "sha1-YQY29rH3A4kb00dxzLF/uTtHB5w="
		},
		"wrappy": {
			"version": "1.0.2",
			"resolved": "https://registry.npmjs.org/wrappy/-/wrappy-1.0.2.tgz",
			"integrity": "sha1-tSQ9jz7BqjXxNkYFvA0QNuMKtp8="
		},
		"ws": {
			"version": "7.3.1",
			"resolved": "https://registry.npm.taobao.org/ws/download/ws-7.3.1.tgz?cache=0&sync_timestamp=1593925746458&other_urls=https%3A%2F%2Fregistry.npm.taobao.org%2Fws%2Fdownload%2Fws-7.3.1.tgz",
			"integrity": "sha1-0FR79n985PEqct/jEmLGjX3FUcg="
		},
		"xml-name-validator": {
			"version": "3.0.0",
			"resolved": "https://registry.npm.taobao.org/xml-name-validator/download/xml-name-validator-3.0.0.tgz",
			"integrity": "sha1-auc+Bt5NjG5H+fsYH3jWSK1FfGo="
		},
		"xmlchars": {
			"version": "2.2.0",
			"resolved": "https://registry.npm.taobao.org/xmlchars/download/xmlchars-2.2.0.tgz",
			"integrity": "sha1-Bg/hvLf5x2/ioX24apvDq4lCEMs="
		},
		"yallist": {
			"version": "3.0.3",
			"resolved": "https://registry.npmjs.org/yallist/-/yallist-3.0.3.tgz",
			"integrity": "sha512-S+Zk8DEWE6oKpV+vI3qWkaK+jSbIK86pCwe2IF/xwIpQ8jEuxpw9NyaGjmp9+BoJv5FV2piqCDcoCtStppiq2A=="
		}
	}
}
